// !$*UTF8*$!
{
	archiveVersion = 1;
	classes = {
	};
	objectVersion = 46;
	objects = {

/* Begin PBXAggregateTarget section */
		591D2D2F575CFD973E2D6650 /* GMPI_Drawing - All */ = {
			isa = PBXAggregateTarget;
			buildConfigurationList = 57E43D94EA65207076BBBA84;
			buildPhases = (
			);
			dependencies = (
				61B57BF8E4F41B5FC862BA38,
				5E293FBDD408FBBF1656FC82,
				BFEA34AFE638B3F863E5C12C,
				3AE81540B55B56B8CFE89590,
			);
			name = "GMPI_Drawing - All";
			productName = GMPI_Drawing;
		};
/* End PBXAggregateTarget section */

/* Begin PBXBuildFile section */
		0851EE83126ACAED8C80650C /* gmpi_gui_hosting.cpp */ = {isa = PBXBuildFile; fileRef = ACE95A25FAD025ABE52B2A1D; };
		0BC36E4214C55DA878A97AB8 /* include_juce_data_structures.mm */ = {isa = PBXBuildFile; fileRef = 8A1A46F044DC721CC6663500; };
		0E1DE3168ACF7F599D82AEFE /* it_enum_list.cpp */ = {isa = PBXBuildFile; fileRef = 5B88985FE677173935BE0887; };
		0F39104EE7C6D3F3C2020360 /* CoreMIDI.framework */ = {isa = PBXBuildFile; fileRef = 55738229C962E3E9AA09C816; };
		1836DE28AA52BFCDDC94E05F /* include_juce_audio_plugin_client_Standalone.cpp */ = {isa = PBXBuildFile; fileRef = AF2ADE090EE5EA02302E7E32; };
		19DD1C92D7198D10D619B435 /* include_juce_audio_devices.mm */ = {isa = PBXBuildFile; fileRef = BF7DF9DB39E21348D81CD990; };
		1A1085291D1D0F70A66DD9BB /* include_juce_audio_formats.mm */ = {isa = PBXBuildFile; fileRef = 6D02A66B7B240DA80C26DEDD; };
		1F7857C35562B4FF6AB1B3E0 /* AudioToolbox.framework */ = {isa = PBXBuildFile; fileRef = 1D0098E60877864F1E1B16B1; };
		229AA7B7B7DECF874AE2BEFF /* CoreAudioKit.framework */ = {isa = PBXBuildFile; fileRef = 15F070EE632BD158F10CBC88; };
		22A5FC6F36CFAD4F70CD82C0 /* SynthEditCocoaView.mm */ = {isa = PBXBuildFile; fileRef = A94571B11B0EF5422A7FE563; };
		2666B4C1D9EFC7A26A4FFC14 /* Cocoa.framework */ = {isa = PBXBuildFile; fileRef = 0EFE7A8C7ECEFBBF636066EA; };
		2B4074386A663AFFADC9850C /* include_juce_audio_plugin_client_AU.r */ = {isa = PBXBuildFile; fileRef = 16D44C9ACA79E7D48C12399A; };
		384AED97344C56758D199E10 /* include_juce_audio_plugin_client_ARA.cpp */ = {isa = PBXBuildFile; fileRef = 0FD7D4FE78CA47F2AD8B45D9; };
		3D967F98EF7D2D72C287C382 /* include_juce_graphics.mm */ = {isa = PBXBuildFile; fileRef = A6BCACEDCD714267D04133B1; };
		3DD952E8D5E24A6ED2999D94 /* include_juce_audio_plugin_client_VST3.cpp */ = {isa = PBXBuildFile; fileRef = 43A0B38402BAC8D625F3C77F; };
		3F5B454CE8EF2F9941AB80A5 /* include_juce_audio_processors_lv2_libs.cpp */ = {isa = PBXBuildFile; fileRef = 3AA8CE69A3644AA47FB2984E; };
		41462AAA2B3C953758978253 /* PluginEditor.cpp */ = {isa = PBXBuildFile; fileRef = 3BEF8DB19A8C9F9E99D02B62; };
		4713E5361134629BEBEEB8B0 /* include_juce_audio_plugin_client_AU_2.mm */ = {isa = PBXBuildFile; fileRef = 69A2867F383079A53B1B5222; };
		47E25480DE764AE2125B87DE /* AudioUnit.framework */ = {isa = PBXBuildFile; fileRef = 9311E21D19F8E54CF7209AFE; };
		4FE7710238AB3680804F3943 /* RecentFilesMenuTemplate.nib */ = {isa = PBXBuildFile; fileRef = 83B6F8EACD133325F15B743D; };
		516FCB00EBAF72B638BB537E /* Shared Code */ = {isa = PBXBuildFile; fileRef = 525AC66ABB41A2109ED86BF4; };
		5AC4EC5737BEB9F0BE855A6F /* WebKit.framework */ = {isa = PBXBuildFile; fileRef = D708EEAB9ED2C38C80B8A526; };
		5C9504B2A628345F7EB904CC /* include_juce_events.mm */ = {isa = PBXBuildFile; fileRef = D8E2BE9F10CE53C1AC3E7B3B; };
		5CDA50C4CB8FA6280D373D7D /* QuartzCore.framework */ = {isa = PBXBuildFile; fileRef = D5853DF7BB096949418A19CD; };
		739E27F68EA7D180AE2A4323 /* DiscRecording.framework */ = {isa = PBXBuildFile; fileRef = 71A15C80033A9E116986FB0B; };
		73D264D52143812B4BAD09D7 /* DrawingFrame_win32.cpp */ = {isa = PBXBuildFile; fileRef = 0CA216812BA53C3460765849; };
		755C23377B5F276ED20BD23B /* include_juce_audio_plugin_client_utils.cpp */ = {isa = PBXBuildFile; fileRef = 1EA092B65A15B883033D4408; };
		7721F6084680D0E75DCF0B47 /* CoreAudio.framework */ = {isa = PBXBuildFile; fileRef = F83D32F5D45183CE7D584613; };
		786D2D29DA741AF1A8B1920D /* include_juce_audio_processors_ara.cpp */ = {isa = PBXBuildFile; fileRef = 8FC9CE4414DDA43DA91C2C56; };
		8D091056FE51559D54D1920C /* include_juce_audio_processors.mm */ = {isa = PBXBuildFile; fileRef = E4A275BE093AB97EBD58D73D; };
		8F2FA5CB0FF45DC0F2EFD70F /* DirectXGfx.cpp */ = {isa = PBXBuildFile; fileRef = 65DBD217AA3E360909AF94C8; };
		A5D6940A2F58E200BBDA682F /* CocoaGuiHost.mm */ = {isa = PBXBuildFile; fileRef = 98F6C705761569DB128583B5; };
		A935CD377CD63D7BE17D6A42 /* Foundation.framework */ = {isa = PBXBuildFile; fileRef = 5CC193510DCA36CFEE355F94; };
		AC3821761A029B68F36697A5 /* Accelerate.framework */ = {isa = PBXBuildFile; fileRef = B7D0323E360CE8B37FCD5823; };
		B3E73300E5E682BB7667BC7B /* AU */ = {isa = PBXBuildFile; fileRef = 48720DD16144C3A9CD78C154; };
		B87981F68D01F34C13054915 /* include_juce_gui_extra.mm */ = {isa = PBXBuildFile; fileRef = 9B449DA50E79E8A1C0857ECF; };
		BBE2557A0E6E60B04B4C4A73 /* IOKit.framework */ = {isa = PBXBuildFile; fileRef = 734BFAD7129F89CE8CBC87F3; };
		CEC15755E483FFC8BF338859 /* include_juce_gui_basics.mm */ = {isa = PBXBuildFile; fileRef = 6727BB190B3759514CE88229; };
		D256A8DD1A79767D1ED1E839 /* xp_dynamic_linking.cpp */ = {isa = PBXBuildFile; fileRef = 7B14128BF64F768334111883; };
		D4C812E1E26095F03CD3E4C1 /* PluginProcessor.cpp */ = {isa = PBXBuildFile; fileRef = 598B082631B76AF95073A542; };
		DCA44521D51FC07B26B3B622 /* include_juce_audio_plugin_client_VST_utils.mm */ = {isa = PBXBuildFile; fileRef = E971EFCEC2B9A8AE0CD691FA; };
		DD546BE5F3E31C82A7629376 /* include_juce_core.mm */ = {isa = PBXBuildFile; fileRef = D0846CD0286949ED26BA6210; };
		E5C8BC4D6E1D2FEB64EDA99D /* include_juce_audio_plugin_client_AU_1.mm */ = {isa = PBXBuildFile; fileRef = A527C2F943833C30D1C4499A; };
		EC1DFF94BCC44D626ED8817C /* include_juce_audio_basics.mm */ = {isa = PBXBuildFile; fileRef = F168F4EA115A0C29CB72B2E0; };
		EC66FA85A251798F1A97A5B0 /* include_juce_audio_utils.mm */ = {isa = PBXBuildFile; fileRef = E280BB0BE227893E0AE0BD09; };
		ECB6ACBCEDE653A59C230E4B /* TimerManager.cpp */ = {isa = PBXBuildFile; fileRef = 1464B439A8F37D7899597A47; };
		F905F5180D01AB8894B65669 /* Standalone Plugin */ = {isa = PBXBuildFile; fileRef = 1623D0B7E8EC5F6ECA504981; };
		FED9EA998D2061C681BE1FD4 /* VST3 */ = {isa = PBXBuildFile; fileRef = 552315018769121C31684F32; };
/* End PBXBuildFile section */

/* Begin PBXFileReference section */
		016CB1E215B0BC499D7EC061 /* juce_audio_formats */ /* juce_audio_formats */ = {isa = PBXFileReference; lastKnownFileType = folder; name = juce_audio_formats; path = /Users/jeffmcclintock/Exonic/Products/JUCE/modules/juce_audio_formats; sourceTree = "<absolute>"; };
		069153F617CE0AE50A725D73 /* juce_audio_basics */ /* juce_audio_basics */ = {isa = PBXFileReference; lastKnownFileType = folder; name = juce_audio_basics; path = /Users/jeffmcclintock/Exonic/Products/JUCE/modules/juce_audio_basics; sourceTree = "<absolute>"; };
		0AF9823199BBDABE548CC47C /* PluginEditor.h */ /* PluginEditor.h */ = {isa = PBXFileReference; lastKnownFileType = sourcecode.c.h; name = PluginEditor.h; path = ../../Source/PluginEditor.h; sourceTree = SOURCE_ROOT; };
		0CA216812BA53C3460765849 /* DrawingFrame_win32.cpp */ /* DrawingFrame_win32.cpp */ = {isa = PBXFileReference; lastKnownFileType = sourcecode.cpp.cpp; name = DrawingFrame_win32.cpp; path = ../../../../se_sdk3_hosting/DrawingFrame_win32.cpp; sourceTree = SOURCE_ROOT; };
		0EFE7A8C7ECEFBBF636066EA /* Cocoa.framework */ /* Cocoa.framework */ = {isa = PBXFileReference; lastKnownFileType = wrapper.framework; name = Cocoa.framework; path = System/Library/Frameworks/Cocoa.framework; sourceTree = SDKROOT; };
		0FD7D4FE78CA47F2AD8B45D9 /* include_juce_audio_plugin_client_ARA.cpp */ /* include_juce_audio_plugin_client_ARA.cpp */ = {isa = PBXFileReference; lastKnownFileType = sourcecode.cpp.cpp; name = include_juce_audio_plugin_client_ARA.cpp; path = ../../JuceLibraryCode/include_juce_audio_plugin_client_ARA.cpp; sourceTree = SOURCE_ROOT; };
		1464B439A8F37D7899597A47 /* TimerManager.cpp */ /* TimerManager.cpp */ = {isa = PBXFileReference; lastKnownFileType = sourcecode.cpp.cpp; name = TimerManager.cpp; path = ../../../../se_sdk3/TimerManager.cpp; sourceTree = SOURCE_ROOT; };
		15F070EE632BD158F10CBC88 /* CoreAudioKit.framework */ /* CoreAudioKit.framework */ = {isa = PBXFileReference; lastKnownFileType = wrapper.framework; name = CoreAudioKit.framework; path = System/Library/Frameworks/CoreAudioKit.framework; sourceTree = SDKROOT; };
		1623D0B7E8EC5F6ECA504981 /* Standalone Plugin */ = {isa = PBXFileReference; explicitFileType = wrapper.application; includeInIndex = 0; path = NewProject.app; sourceTree = BUILT_PRODUCTS_DIR; };
		16D44C9ACA79E7D48C12399A /* include_juce_audio_plugin_client_AU.r */ /* include_juce_audio_plugin_client_AU.r */ = {isa = PBXFileReference; lastKnownFileType = file.r; name = include_juce_audio_plugin_client_AU.r; path = ../../JuceLibraryCode/include_juce_audio_plugin_client_AU.r; sourceTree = SOURCE_ROOT; };
		1D0098E60877864F1E1B16B1 /* AudioToolbox.framework */ /* AudioToolbox.framework */ = {isa = PBXFileReference; lastKnownFileType = wrapper.framework; name = AudioToolbox.framework; path = System/Library/Frameworks/AudioToolbox.framework; sourceTree = SDKROOT; };
		1E5FA3D42FE5B1EB3061AEEE /* it_enum_list.h */ /* it_enum_list.h */ = {isa = PBXFileReference; lastKnownFileType = sourcecode.c.h; name = it_enum_list.h; path = ../../../../se_sdk3/it_enum_list.h; sourceTree = SOURCE_ROOT; };
		1EA092B65A15B883033D4408 /* include_juce_audio_plugin_client_utils.cpp */ /* include_juce_audio_plugin_client_utils.cpp */ = {isa = PBXFileReference; lastKnownFileType = sourcecode.cpp.cpp; name = include_juce_audio_plugin_client_utils.cpp; path = ../../JuceLibraryCode/include_juce_audio_plugin_client_utils.cpp; sourceTree = SOURCE_ROOT; };
		239993AC3A11FF7F55A9A380 /* juce_core */ /* juce_core */ = {isa = PBXFileReference; lastKnownFileType = folder; name = juce_core; path = /Users/jeffmcclintock/Exonic/Products/JUCE/modules/juce_core; sourceTree = "<absolute>"; };
		2808F994670161CB0352B062 /* xp_dynamic_linking.h */ /* xp_dynamic_linking.h */ = {isa = PBXFileReference; lastKnownFileType = sourcecode.c.h; name = xp_dynamic_linking.h; path = ../../../../shared/xp_dynamic_linking.h; sourceTree = SOURCE_ROOT; };
		33B9553EE68FF8A32493FC26 /* PluginProcessor.h */ /* PluginProcessor.h */ = {isa = PBXFileReference; lastKnownFileType = sourcecode.c.h; name = PluginProcessor.h; path = ../../Source/PluginProcessor.h; sourceTree = SOURCE_ROOT; };
		3AA8CE69A3644AA47FB2984E /* include_juce_audio_processors_lv2_libs.cpp */ /* include_juce_audio_processors_lv2_libs.cpp */ = {isa = PBXFileReference; lastKnownFileType = sourcecode.cpp.cpp; name = include_juce_audio_processors_lv2_libs.cpp; path = ../../JuceLibraryCode/include_juce_audio_processors_lv2_libs.cpp; sourceTree = SOURCE_ROOT; };
		3BEF8DB19A8C9F9E99D02B62 /* PluginEditor.cpp */ /* PluginEditor.cpp */ = {isa = PBXFileReference; lastKnownFileType = sourcecode.cpp.cpp; name = PluginEditor.cpp; path = ../../Source/PluginEditor.cpp; sourceTree = SOURCE_ROOT; };
		43A0B38402BAC8D625F3C77F /* include_juce_audio_plugin_client_VST3.cpp */ /* include_juce_audio_plugin_client_VST3.cpp */ = {isa = PBXFileReference; lastKnownFileType = sourcecode.cpp.cpp; name = include_juce_audio_plugin_client_VST3.cpp; path = ../../JuceLibraryCode/include_juce_audio_plugin_client_VST3.cpp; sourceTree = SOURCE_ROOT; };
		48720DD16144C3A9CD78C154 /* AU */ = {isa = PBXFileReference; explicitFileType = wrapper.cfbundle; includeInIndex = 0; path = NewProject.component; sourceTree = BUILT_PRODUCTS_DIR; };
		4893149A2679DB6AA8F08E35 /* SynthEditCocoaView.h */ /* SynthEditCocoaView.h */ = {isa = PBXFileReference; lastKnownFileType = sourcecode.c.h; name = SynthEditCocoaView.h; path = ../../../../se_sdk3_hosting/SynthEditCocoaView.h; sourceTree = SOURCE_ROOT; };
		4BFF1141B172C01FA0F0BD6B /* juce_gui_basics */ /* juce_gui_basics */ = {isa = PBXFileReference; lastKnownFileType = folder; name = juce_gui_basics; path = /Users/jeffmcclintock/Exonic/Products/JUCE/modules/juce_gui_basics; sourceTree = "<absolute>"; };
		4DBF22342B919E3D2F017851 /* juce_gui_extra */ /* juce_gui_extra */ = {isa = PBXFileReference; lastKnownFileType = folder; name = juce_gui_extra; path = /Users/jeffmcclintock/Exonic/Products/JUCE/modules/juce_gui_extra; sourceTree = "<absolute>"; };
		525AC66ABB41A2109ED86BF4 /* Shared Code */ = {isa = PBXFileReference; explicitFileType = archive.ar; includeInIndex = 0; path = libNewProject.a; sourceTree = BUILT_PRODUCTS_DIR; };
		54E24D7A1B1E4A644C499581 /* DirectXGfx.h */ /* DirectXGfx.h */ = {isa = PBXFileReference; lastKnownFileType = sourcecode.c.h; name = DirectXGfx.h; path = ../../../../se_sdk3_hosting/DirectXGfx.h; sourceTree = SOURCE_ROOT; };
		552315018769121C31684F32 /* VST3 */ = {isa = PBXFileReference; explicitFileType = wrapper.cfbundle; includeInIndex = 0; path = NewProject.vst3; sourceTree = BUILT_PRODUCTS_DIR; };
		55738229C962E3E9AA09C816 /* CoreMIDI.framework */ /* CoreMIDI.framework */ = {isa = PBXFileReference; lastKnownFileType = wrapper.framework; name = CoreMIDI.framework; path = System/Library/Frameworks/CoreMIDI.framework; sourceTree = SDKROOT; };
		55F6732F2F1B0D2808B6E7B8 /* JuceHeader.h */ /* JuceHeader.h */ = {isa = PBXFileReference; lastKnownFileType = sourcecode.c.h; name = JuceHeader.h; path = ../../JuceLibraryCode/JuceHeader.h; sourceTree = SOURCE_ROOT; };
		598B082631B76AF95073A542 /* PluginProcessor.cpp */ /* PluginProcessor.cpp */ = {isa = PBXFileReference; lastKnownFileType = sourcecode.cpp.cpp; name = PluginProcessor.cpp; path = ../../Source/PluginProcessor.cpp; sourceTree = SOURCE_ROOT; };
		5B88985FE677173935BE0887 /* it_enum_list.cpp */ /* it_enum_list.cpp */ = {isa = PBXFileReference; lastKnownFileType = sourcecode.cpp.cpp; name = it_enum_list.cpp; path = ../../../../se_sdk3/it_enum_list.cpp; sourceTree = SOURCE_ROOT; };
		5CC193510DCA36CFEE355F94 /* Foundation.framework */ /* Foundation.framework */ = {isa = PBXFileReference; lastKnownFileType = wrapper.framework; name = Foundation.framework; path = System/Library/Frameworks/Foundation.framework; sourceTree = SDKROOT; };
		633CF28873B7303EFE5DC15E /* juce_events */ /* juce_events */ = {isa = PBXFileReference; lastKnownFileType = folder; name = juce_events; path = /Users/jeffmcclintock/Exonic/Products/JUCE/modules/juce_events; sourceTree = "<absolute>"; };
		651912ACDBF24F6206024FAC /* juce_graphics */ /* juce_graphics */ = {isa = PBXFileReference; lastKnownFileType = folder; name = juce_graphics; path = /Users/jeffmcclintock/Exonic/Products/JUCE/modules/juce_graphics; sourceTree = "<absolute>"; };
		65DBD217AA3E360909AF94C8 /* DirectXGfx.cpp */ /* DirectXGfx.cpp */ = {isa = PBXFileReference; lastKnownFileType = sourcecode.cpp.cpp; name = DirectXGfx.cpp; path = ../../../../se_sdk3_hosting/DirectXGfx.cpp; sourceTree = SOURCE_ROOT; };
		6727BB190B3759514CE88229 /* include_juce_gui_basics.mm */ /* include_juce_gui_basics.mm */ = {isa = PBXFileReference; lastKnownFileType = sourcecode.cpp.objcpp; name = include_juce_gui_basics.mm; path = ../../JuceLibraryCode/include_juce_gui_basics.mm; sourceTree = SOURCE_ROOT; };
		69A2867F383079A53B1B5222 /* include_juce_audio_plugin_client_AU_2.mm */ /* include_juce_audio_plugin_client_AU_2.mm */ = {isa = PBXFileReference; lastKnownFileType = sourcecode.cpp.objcpp; name = include_juce_audio_plugin_client_AU_2.mm; path = ../../JuceLibraryCode/include_juce_audio_plugin_client_AU_2.mm; sourceTree = SOURCE_ROOT; };
		6D02A66B7B240DA80C26DEDD /* include_juce_audio_formats.mm */ /* include_juce_audio_formats.mm */ = {isa = PBXFileReference; lastKnownFileType = sourcecode.cpp.objcpp; name = include_juce_audio_formats.mm; path = ../../JuceLibraryCode/include_juce_audio_formats.mm; sourceTree = SOURCE_ROOT; };
		6F1EB3CE575E8229DCBBFD0D /* gmpi_gui_hosting.h */ /* gmpi_gui_hosting.h */ = {isa = PBXFileReference; lastKnownFileType = sourcecode.c.h; name = gmpi_gui_hosting.h; path = ../../../../se_sdk3_hosting/gmpi_gui_hosting.h; sourceTree = SOURCE_ROOT; };
		71A15C80033A9E116986FB0B /* DiscRecording.framework */ /* DiscRecording.framework */ = {isa = PBXFileReference; lastKnownFileType = wrapper.framework; name = DiscRecording.framework; path = System/Library/Frameworks/DiscRecording.framework; sourceTree = SDKROOT; };
		734BFAD7129F89CE8CBC87F3 /* IOKit.framework */ /* IOKit.framework */ = {isa = PBXFileReference; lastKnownFileType = wrapper.framework; name = IOKit.framework; path = System/Library/Frameworks/IOKit.framework; sourceTree = SDKROOT; };
		7B14128BF64F768334111883 /* xp_dynamic_linking.cpp */ /* xp_dynamic_linking.cpp */ = {isa = PBXFileReference; lastKnownFileType = sourcecode.cpp.cpp; name = xp_dynamic_linking.cpp; path = ../../../../shared/xp_dynamic_linking.cpp; sourceTree = SOURCE_ROOT; };
		8348A82083D873B6E1E6282D /* juce_audio_plugin_client */ /* juce_audio_plugin_client */ = {isa = PBXFileReference; lastKnownFileType = folder; name = juce_audio_plugin_client; path = /Users/jeffmcclintock/Exonic/Products/JUCE/modules/juce_audio_plugin_client; sourceTree = "<absolute>"; };
		837BDFE291D5109651432BD1 /* Info-Standalone_Plugin.plist */ /* Info-Standalone_Plugin.plist */ = {isa = PBXFileReference; lastKnownFileType = text.plist.xml; name = "Info-Standalone_Plugin.plist"; path = "Info-Standalone_Plugin.plist"; sourceTree = SOURCE_ROOT; };
		83B6F8EACD133325F15B743D /* RecentFilesMenuTemplate.nib */ /* RecentFilesMenuTemplate.nib */ = {isa = PBXFileReference; lastKnownFileType = file.nib; name = RecentFilesMenuTemplate.nib; path = RecentFilesMenuTemplate.nib; sourceTree = SOURCE_ROOT; };
		898B945BD8575939776DA54B /* JucePluginDefines.h */ /* JucePluginDefines.h */ = {isa = PBXFileReference; lastKnownFileType = sourcecode.c.h; name = JucePluginDefines.h; path = ../../JuceLibraryCode/JucePluginDefines.h; sourceTree = SOURCE_ROOT; };
		8A1A46F044DC721CC6663500 /* include_juce_data_structures.mm */ /* include_juce_data_structures.mm */ = {isa = PBXFileReference; lastKnownFileType = sourcecode.cpp.objcpp; name = include_juce_data_structures.mm; path = ../../JuceLibraryCode/include_juce_data_structures.mm; sourceTree = SOURCE_ROOT; };
		8FC9CE4414DDA43DA91C2C56 /* include_juce_audio_processors_ara.cpp */ /* include_juce_audio_processors_ara.cpp */ = {isa = PBXFileReference; lastKnownFileType = sourcecode.cpp.cpp; name = include_juce_audio_processors_ara.cpp; path = ../../JuceLibraryCode/include_juce_audio_processors_ara.cpp; sourceTree = SOURCE_ROOT; };
		9311E21D19F8E54CF7209AFE /* AudioUnit.framework */ /* AudioUnit.framework */ = {isa = PBXFileReference; lastKnownFileType = wrapper.framework; name = AudioUnit.framework; path = System/Library/Frameworks/AudioUnit.framework; sourceTree = SDKROOT; };
		98F6C705761569DB128583B5 /* CocoaGuiHost.mm */ /* CocoaGuiHost.mm */ = {isa = PBXFileReference; lastKnownFileType = sourcecode.cpp.objcpp; name = CocoaGuiHost.mm; path = ../../../../se_sdk3_hosting/CocoaGuiHost.mm; sourceTree = SOURCE_ROOT; };
		9911054A47E9B89A44C486DC /* TimerManager.h */ /* TimerManager.h */ = {isa = PBXFileReference; lastKnownFileType = sourcecode.c.h; name = TimerManager.h; path = ../../../../se_sdk3/TimerManager.h; sourceTree = SOURCE_ROOT; };
		9B449DA50E79E8A1C0857ECF /* include_juce_gui_extra.mm */ /* include_juce_gui_extra.mm */ = {isa = PBXFileReference; lastKnownFileType = sourcecode.cpp.objcpp; name = include_juce_gui_extra.mm; path = ../../JuceLibraryCode/include_juce_gui_extra.mm; sourceTree = SOURCE_ROOT; };
		A3CDC96270D1346B22BA8FFC /* Info-VST3.plist */ /* Info-VST3.plist */ = {isa = PBXFileReference; lastKnownFileType = text.plist.xml; name = "Info-VST3.plist"; path = "Info-VST3.plist"; sourceTree = SOURCE_ROOT; };
		A527C2F943833C30D1C4499A /* include_juce_audio_plugin_client_AU_1.mm */ /* include_juce_audio_plugin_client_AU_1.mm */ = {isa = PBXFileReference; lastKnownFileType = sourcecode.cpp.objcpp; name = include_juce_audio_plugin_client_AU_1.mm; path = ../../JuceLibraryCode/include_juce_audio_plugin_client_AU_1.mm; sourceTree = SOURCE_ROOT; };
		A5F8F6CAA1C8DA23203C40E1 /* juce_audio_devices */ /* juce_audio_devices */ = {isa = PBXFileReference; lastKnownFileType = folder; name = juce_audio_devices; path = /Users/jeffmcclintock/Exonic/Products/JUCE/modules/juce_audio_devices; sourceTree = "<absolute>"; };
		A6BCACEDCD714267D04133B1 /* include_juce_graphics.mm */ /* include_juce_graphics.mm */ = {isa = PBXFileReference; lastKnownFileType = sourcecode.cpp.objcpp; name = include_juce_graphics.mm; path = ../../JuceLibraryCode/include_juce_graphics.mm; sourceTree = SOURCE_ROOT; };
		A94571B11B0EF5422A7FE563 /* SynthEditCocoaView.mm */ /* SynthEditCocoaView.mm */ = {isa = PBXFileReference; lastKnownFileType = sourcecode.cpp.objcpp; name = SynthEditCocoaView.mm; path = ../../../../se_sdk3_hosting/SynthEditCocoaView.mm; sourceTree = SOURCE_ROOT; };
		ACE95A25FAD025ABE52B2A1D /* gmpi_gui_hosting.cpp */ /* gmpi_gui_hosting.cpp */ = {isa = PBXFileReference; lastKnownFileType = sourcecode.cpp.cpp; name = gmpi_gui_hosting.cpp; path = ../../../../se_sdk3_hosting/gmpi_gui_hosting.cpp; sourceTree = SOURCE_ROOT; };
		AF2ADE090EE5EA02302E7E32 /* include_juce_audio_plugin_client_Standalone.cpp */ /* include_juce_audio_plugin_client_Standalone.cpp */ = {isa = PBXFileReference; lastKnownFileType = sourcecode.cpp.cpp; name = include_juce_audio_plugin_client_Standalone.cpp; path = ../../JuceLibraryCode/include_juce_audio_plugin_client_Standalone.cpp; sourceTree = SOURCE_ROOT; };
		B731521D58CF577485FF09A5 /* juce_audio_utils */ /* juce_audio_utils */ = {isa = PBXFileReference; lastKnownFileType = folder; name = juce_audio_utils; path = /Users/jeffmcclintock/Exonic/Products/JUCE/modules/juce_audio_utils; sourceTree = "<absolute>"; };
		B7D0323E360CE8B37FCD5823 /* Accelerate.framework */ /* Accelerate.framework */ = {isa = PBXFileReference; lastKnownFileType = wrapper.framework; name = Accelerate.framework; path = System/Library/Frameworks/Accelerate.framework; sourceTree = SDKROOT; };
		BF7DF9DB39E21348D81CD990 /* include_juce_audio_devices.mm */ /* include_juce_audio_devices.mm */ = {isa = PBXFileReference; lastKnownFileType = sourcecode.cpp.objcpp; name = include_juce_audio_devices.mm; path = ../../JuceLibraryCode/include_juce_audio_devices.mm; sourceTree = SOURCE_ROOT; };
		C534EB7A16C3EEBDFF9C6C9D /* Info-AU.plist */ /* Info-AU.plist */ = {isa = PBXFileReference; lastKnownFileType = text.plist.xml; name = "Info-AU.plist"; path = "Info-AU.plist"; sourceTree = SOURCE_ROOT; };
		D0846CD0286949ED26BA6210 /* include_juce_core.mm */ /* include_juce_core.mm */ = {isa = PBXFileReference; lastKnownFileType = sourcecode.cpp.objcpp; name = include_juce_core.mm; path = ../../JuceLibraryCode/include_juce_core.mm; sourceTree = SOURCE_ROOT; };
		D5700E459A5F4AA5DB6DE8F5 /* DrawingFrame_win32.h */ /* DrawingFrame_win32.h */ = {isa = PBXFileReference; lastKnownFileType = sourcecode.c.h; name = DrawingFrame_win32.h; path = ../../../../se_sdk3_hosting/DrawingFrame_win32.h; sourceTree = SOURCE_ROOT; };
		D5853DF7BB096949418A19CD /* QuartzCore.framework */ /* QuartzCore.framework */ = {isa = PBXFileReference; lastKnownFileType = wrapper.framework; name = QuartzCore.framework; path = System/Library/Frameworks/QuartzCore.framework; sourceTree = SDKROOT; };
		D708EEAB9ED2C38C80B8A526 /* WebKit.framework */ /* WebKit.framework */ = {isa = PBXFileReference; lastKnownFileType = wrapper.framework; name = WebKit.framework; path = System/Library/Frameworks/WebKit.framework; sourceTree = SDKROOT; };
		D8E2BE9F10CE53C1AC3E7B3B /* include_juce_events.mm */ /* include_juce_events.mm */ = {isa = PBXFileReference; lastKnownFileType = sourcecode.cpp.objcpp; name = include_juce_events.mm; path = ../../JuceLibraryCode/include_juce_events.mm; sourceTree = SOURCE_ROOT; };
		E280BB0BE227893E0AE0BD09 /* include_juce_audio_utils.mm */ /* include_juce_audio_utils.mm */ = {isa = PBXFileReference; lastKnownFileType = sourcecode.cpp.objcpp; name = include_juce_audio_utils.mm; path = ../../JuceLibraryCode/include_juce_audio_utils.mm; sourceTree = SOURCE_ROOT; };
		E4A275BE093AB97EBD58D73D /* include_juce_audio_processors.mm */ /* include_juce_audio_processors.mm */ = {isa = PBXFileReference; lastKnownFileType = sourcecode.cpp.objcpp; name = include_juce_audio_processors.mm; path = ../../JuceLibraryCode/include_juce_audio_processors.mm; sourceTree = SOURCE_ROOT; };
		E4AE5006E03A04A240BC33C6 /* juce_audio_processors */ /* juce_audio_processors */ = {isa = PBXFileReference; lastKnownFileType = folder; name = juce_audio_processors; path = /Users/jeffmcclintock/Exonic/Products/JUCE/modules/juce_audio_processors; sourceTree = "<absolute>"; };
		E971EFCEC2B9A8AE0CD691FA /* include_juce_audio_plugin_client_VST_utils.mm */ /* include_juce_audio_plugin_client_VST_utils.mm */ = {isa = PBXFileReference; lastKnownFileType = sourcecode.cpp.objcpp; name = include_juce_audio_plugin_client_VST_utils.mm; path = ../../JuceLibraryCode/include_juce_audio_plugin_client_VST_utils.mm; sourceTree = SOURCE_ROOT; };
		EA6A6C85117AAED798023A86 /* juce_data_structures */ /* juce_data_structures */ = {isa = PBXFileReference; lastKnownFileType = folder; name = juce_data_structures; path = /Users/jeffmcclintock/Exonic/Products/JUCE/modules/juce_data_structures; sourceTree = "<absolute>"; };
		F168F4EA115A0C29CB72B2E0 /* include_juce_audio_basics.mm */ /* include_juce_audio_basics.mm */ = {isa = PBXFileReference; lastKnownFileType = sourcecode.cpp.objcpp; name = include_juce_audio_basics.mm; path = ../../JuceLibraryCode/include_juce_audio_basics.mm; sourceTree = SOURCE_ROOT; };
		F83D32F5D45183CE7D584613 /* CoreAudio.framework */ /* CoreAudio.framework */ = {isa = PBXFileReference; lastKnownFileType = wrapper.framework; name = CoreAudio.framework; path = System/Library/Frameworks/CoreAudio.framework; sourceTree = SDKROOT; };
/* End PBXFileReference section */

/* Begin PBXFrameworksBuildPhase section */
		63260F30B602D19CA3607E8C = {
			isa = PBXFrameworksBuildPhase;
			buildActionMask = 2147483647;
			files = (
				AC3821761A029B68F36697A5,
				1F7857C35562B4FF6AB1B3E0,
				2666B4C1D9EFC7A26A4FFC14,
				7721F6084680D0E75DCF0B47,
				229AA7B7B7DECF874AE2BEFF,
				0F39104EE7C6D3F3C2020360,
				739E27F68EA7D180AE2A4323,
				A935CD377CD63D7BE17D6A42,
				BBE2557A0E6E60B04B4C4A73,
				5CDA50C4CB8FA6280D373D7D,
				5AC4EC5737BEB9F0BE855A6F,
			);
			runOnlyForDeploymentPostprocessing = 0;
		};
		8B95D3ED5FDE64BDC4855432 = {
			isa = PBXFrameworksBuildPhase;
			buildActionMask = 2147483647;
			files = (
				47E25480DE764AE2125B87DE,
				AC3821761A029B68F36697A5,
				1F7857C35562B4FF6AB1B3E0,
				2666B4C1D9EFC7A26A4FFC14,
				7721F6084680D0E75DCF0B47,
				229AA7B7B7DECF874AE2BEFF,
				0F39104EE7C6D3F3C2020360,
				739E27F68EA7D180AE2A4323,
				A935CD377CD63D7BE17D6A42,
				BBE2557A0E6E60B04B4C4A73,
				5CDA50C4CB8FA6280D373D7D,
				5AC4EC5737BEB9F0BE855A6F,
			);
			runOnlyForDeploymentPostprocessing = 0;
		};
		DD81FB305AE51A20FBE05D3E = {
			isa = PBXFrameworksBuildPhase;
			buildActionMask = 2147483647;
			files = (
				AC3821761A029B68F36697A5,
				1F7857C35562B4FF6AB1B3E0,
				2666B4C1D9EFC7A26A4FFC14,
				7721F6084680D0E75DCF0B47,
				229AA7B7B7DECF874AE2BEFF,
				0F39104EE7C6D3F3C2020360,
				739E27F68EA7D180AE2A4323,
				A935CD377CD63D7BE17D6A42,
				BBE2557A0E6E60B04B4C4A73,
				5CDA50C4CB8FA6280D373D7D,
				5AC4EC5737BEB9F0BE855A6F,
			);
			runOnlyForDeploymentPostprocessing = 0;
		};
/* End PBXFrameworksBuildPhase section */

/* Begin PBXGroup section */
		3DE6C65611A4B17E90DCF042 /* JUCE Library Code */ = {
			isa = PBXGroup;
			children = (
				F168F4EA115A0C29CB72B2E0,
				BF7DF9DB39E21348D81CD990,
				6D02A66B7B240DA80C26DEDD,
				0FD7D4FE78CA47F2AD8B45D9,
				16D44C9ACA79E7D48C12399A,
				A527C2F943833C30D1C4499A,
				69A2867F383079A53B1B5222,
				AF2ADE090EE5EA02302E7E32,
				1EA092B65A15B883033D4408,
				E971EFCEC2B9A8AE0CD691FA,
				43A0B38402BAC8D625F3C77F,
				E4A275BE093AB97EBD58D73D,
				8FC9CE4414DDA43DA91C2C56,
				3AA8CE69A3644AA47FB2984E,
				E280BB0BE227893E0AE0BD09,
				D0846CD0286949ED26BA6210,
				8A1A46F044DC721CC6663500,
				D8E2BE9F10CE53C1AC3E7B3B,
				A6BCACEDCD714267D04133B1,
				6727BB190B3759514CE88229,
				9B449DA50E79E8A1C0857ECF,
				55F6732F2F1B0D2808B6E7B8,
				898B945BD8575939776DA54B,
			);
			name = "JUCE Library Code";
			sourceTree = "<group>";
		};
		41AA9CC71C7E4ADEAA9FF259 /* gmpisdk */ = {
			isa = PBXGroup;
			children = (
				98F6C705761569DB128583B5,
				65DBD217AA3E360909AF94C8,
				54E24D7A1B1E4A644C499581,
				0CA216812BA53C3460765849,
				D5700E459A5F4AA5DB6DE8F5,
				ACE95A25FAD025ABE52B2A1D,
				6F1EB3CE575E8229DCBBFD0D,
				5B88985FE677173935BE0887,
				1E5FA3D42FE5B1EB3061AEEE,
				4893149A2679DB6AA8F08E35,
				A94571B11B0EF5422A7FE563,
				1464B439A8F37D7899597A47,
				9911054A47E9B89A44C486DC,
				7B14128BF64F768334111883,
				2808F994670161CB0352B062,
			);
			name = gmpisdk;
			sourceTree = "<group>";
		};
		472878D509284A6892B3DE4F /* Frameworks */ = {
			isa = PBXGroup;
			children = (
				9311E21D19F8E54CF7209AFE,
				B7D0323E360CE8B37FCD5823,
				1D0098E60877864F1E1B16B1,
				0EFE7A8C7ECEFBBF636066EA,
				F83D32F5D45183CE7D584613,
				15F070EE632BD158F10CBC88,
				55738229C962E3E9AA09C816,
				71A15C80033A9E116986FB0B,
				5CC193510DCA36CFEE355F94,
				734BFAD7129F89CE8CBC87F3,
				D5853DF7BB096949418A19CD,
				D708EEAB9ED2C38C80B8A526,
			);
			name = Frameworks;
			sourceTree = "<group>";
		};
		4CA11E77F7C3F94273A44D7C /* JUCE Modules */ = {
			isa = PBXGroup;
			children = (
				069153F617CE0AE50A725D73,
				A5F8F6CAA1C8DA23203C40E1,
				016CB1E215B0BC499D7EC061,
				8348A82083D873B6E1E6282D,
				E4AE5006E03A04A240BC33C6,
				B731521D58CF577485FF09A5,
				239993AC3A11FF7F55A9A380,
				EA6A6C85117AAED798023A86,
				633CF28873B7303EFE5DC15E,
				651912ACDBF24F6206024FAC,
				4BFF1141B172C01FA0F0BD6B,
				4DBF22342B919E3D2F017851,
			);
			name = "JUCE Modules";
			sourceTree = "<group>";
		};
		607BC8FB2D47966AC9787C84 /* Source */ = {
			isa = PBXGroup;
			children = (
				FE77356F229A6C2C76BF9FE4,
				4CA11E77F7C3F94273A44D7C,
				3DE6C65611A4B17E90DCF042,
				99EF66A3922B792B76CBBB4B,
				472878D509284A6892B3DE4F,
				D1E06DD2D26CE0AE452500CA,
			);
			name = Source;
			sourceTree = "<group>";
		};
		99EF66A3922B792B76CBBB4B /* Resources */ = {
			isa = PBXGroup;
			children = (
				A3CDC96270D1346B22BA8FFC,
				C534EB7A16C3EEBDFF9C6C9D,
				837BDFE291D5109651432BD1,
				83B6F8EACD133325F15B743D,
			);
			name = Resources;
			sourceTree = "<group>";
		};
		D1E06DD2D26CE0AE452500CA /* Products */ = {
			isa = PBXGroup;
			children = (
				552315018769121C31684F32,
				48720DD16144C3A9CD78C154,
				1623D0B7E8EC5F6ECA504981,
				525AC66ABB41A2109ED86BF4,
			);
			name = Products;
			sourceTree = "<group>";
		};
		FCC15AF3386692D5F422F3CF /* Source */ = {
			isa = PBXGroup;
			children = (
				41AA9CC71C7E4ADEAA9FF259,
				598B082631B76AF95073A542,
				33B9553EE68FF8A32493FC26,
				3BEF8DB19A8C9F9E99D02B62,
				0AF9823199BBDABE548CC47C,
			);
			name = Source;
			sourceTree = "<group>";
		};
		FE77356F229A6C2C76BF9FE4 /* GMPI_Drawing */ = {
			isa = PBXGroup;
			children = (
				FCC15AF3386692D5F422F3CF,
			);
			name = GMPI_Drawing;
			sourceTree = "<group>";
		};
/* End PBXGroup section */

/* Begin PBXNativeTarget section */
		1587540E6131762AF6F6619E /* GMPI_Drawing - AU */ = {
			isa = PBXNativeTarget;
			buildConfigurationList = 2F3782B1BA3414AB097207AC;
			buildPhases = (
				41B6976FE72B96C190145276,
				DDA37E6ED552E7FB3ECEFF61,
				E4AAD1FB2D50BDD56002B154,
				8B95D3ED5FDE64BDC4855432,
			);
			buildRules = (
			);
			dependencies = (
				C63BF93D9A3F3DE96B023F39,
			);
			name = "GMPI_Drawing - AU";
			productName = GMPI_Drawing;
			productReference = 48720DD16144C3A9CD78C154;
			productType = "com.apple.product-type.bundle";
		};
		96BB7AD402E5992E47C59B7E /* GMPI_Drawing - Shared Code */ = {
			isa = PBXNativeTarget;
			buildConfigurationList = 329DABE461B35BA213E2F221;
			buildPhases = (
				FC874CF99F9AD7AF2C04AA4D,
			);
			buildRules = (
			);
			dependencies = (
			);
			name = "GMPI_Drawing - Shared Code";
			productName = GMPI_Drawing;
			productReference = 525AC66ABB41A2109ED86BF4;
			productType = "com.apple.product-type.library.static";
		};
		A2EAACA2B3A41C9ACA6D7812 /* GMPI_Drawing - Standalone Plugin */ = {
			isa = PBXNativeTarget;
			buildConfigurationList = 9D82E8B489E340F7AC92C64A;
			buildPhases = (
				56CC2D0C7CE9CC8C1F1AC311,
				F638AB6F6B100FF80E6F489D,
				DD81FB305AE51A20FBE05D3E,
			);
			buildRules = (
			);
			dependencies = (
				E0B9310680AFBAF0FF9A5991,
			);
			name = "GMPI_Drawing - Standalone Plugin";
			productName = GMPI_Drawing;
			productReference = 1623D0B7E8EC5F6ECA504981;
			productType = "com.apple.product-type.application";
		};
		F46F214F99951DD66C722BDA /* GMPI_Drawing - VST3 */ = {
			isa = PBXNativeTarget;
			buildConfigurationList = 53CDF2AAF5DD558F283AD4D1;
			buildPhases = (
				1102687D669D8B79A30CE777,
				52C0EFEA622D445460847EFB,
				63260F30B602D19CA3607E8C,
			);
			buildRules = (
			);
			dependencies = (
				EA9268069C534897C500A094,
			);
			name = "GMPI_Drawing - VST3";
			productName = GMPI_Drawing;
			productReference = 552315018769121C31684F32;
			productType = "com.apple.product-type.bundle";
		};
/* End PBXNativeTarget section */

/* Begin PBXProject section */
		859B7FA102992F4288B9770E = {
			isa = PBXProject;
			attributes = {
				LastUpgradeCheck = 1340;
				ORGANIZATIONNAME = "";
				TargetAttributes = {
					1587540E6131762AF6F6619E = {
						SystemCapabilities = {
							com.apple.ApplicationGroups.iOS = {
								enabled = 0;
							};
							com.apple.HardenedRuntime = {
								enabled = 0;
							};
							com.apple.InAppPurchase = {
								enabled = 0;
							};
							com.apple.InterAppAudio = {
								enabled = 0;
							};
							com.apple.Push = {
								enabled = 0;
							};
							com.apple.Sandbox = {
								enabled = 0;
							};
						};
					};
					591D2D2F575CFD973E2D6650 = {
						SystemCapabilities = {
							com.apple.ApplicationGroups.iOS = {
								enabled = 0;
							};
							com.apple.HardenedRuntime = {
								enabled = 0;
							};
							com.apple.InAppPurchase = {
								enabled = 0;
							};
							com.apple.InterAppAudio = {
								enabled = 0;
							};
							com.apple.Push = {
								enabled = 0;
							};
							com.apple.Sandbox = {
								enabled = 0;
							};
						};
					};
					96BB7AD402E5992E47C59B7E = {
						SystemCapabilities = {
							com.apple.ApplicationGroups.iOS = {
								enabled = 0;
							};
							com.apple.HardenedRuntime = {
								enabled = 0;
							};
							com.apple.InAppPurchase = {
								enabled = 0;
							};
							com.apple.InterAppAudio = {
								enabled = 0;
							};
							com.apple.Push = {
								enabled = 0;
							};
							com.apple.Sandbox = {
								enabled = 0;
							};
						};
					};
					A2EAACA2B3A41C9ACA6D7812 = {
						SystemCapabilities = {
							com.apple.ApplicationGroups.iOS = {
								enabled = 0;
							};
							com.apple.HardenedRuntime = {
								enabled = 0;
							};
							com.apple.InAppPurchase = {
								enabled = 0;
							};
							com.apple.InterAppAudio = {
								enabled = 0;
							};
							com.apple.Push = {
								enabled = 0;
							};
							com.apple.Sandbox = {
								enabled = 0;
							};
						};
					};
					F46F214F99951DD66C722BDA = {
						SystemCapabilities = {
							com.apple.ApplicationGroups.iOS = {
								enabled = 0;
							};
							com.apple.HardenedRuntime = {
								enabled = 0;
							};
							com.apple.InAppPurchase = {
								enabled = 0;
							};
							com.apple.InterAppAudio = {
								enabled = 0;
							};
							com.apple.Push = {
								enabled = 0;
							};
							com.apple.Sandbox = {
								enabled = 0;
							};
						};
					};
				};
			};
			buildConfigurationList = 55ECE83D13BDE452489FE7A7;
			compatibilityVersion = "Xcode 3.2";
			hasScannedForEncodings = 0;
			knownRegions = (
				en,
				Base,
			);
			mainGroup = 607BC8FB2D47966AC9787C84;
			projectDirPath = "";
			projectRoot = "";
			targets = (
				591D2D2F575CFD973E2D6650,
				F46F214F99951DD66C722BDA,
				1587540E6131762AF6F6619E,
				A2EAACA2B3A41C9ACA6D7812,
				96BB7AD402E5992E47C59B7E,
			);
		};
/* End PBXProject section */

/* Begin PBXResourcesBuildPhase section */
		1102687D669D8B79A30CE777 = {
			isa = PBXResourcesBuildPhase;
			buildActionMask = 2147483647;
			files = (
				4FE7710238AB3680804F3943,
			);
			runOnlyForDeploymentPostprocessing = 0;
		};
		41B6976FE72B96C190145276 = {
			isa = PBXResourcesBuildPhase;
			buildActionMask = 2147483647;
			files = (
				4FE7710238AB3680804F3943,
			);
			runOnlyForDeploymentPostprocessing = 0;
		};
		56CC2D0C7CE9CC8C1F1AC311 = {
			isa = PBXResourcesBuildPhase;
			buildActionMask = 2147483647;
			files = (
				4FE7710238AB3680804F3943,
			);
			runOnlyForDeploymentPostprocessing = 0;
		};
/* End PBXResourcesBuildPhase section */

/* Begin PBXRezBuildPhase section */
		DDA37E6ED552E7FB3ECEFF61 = {
			isa = PBXRezBuildPhase;
			buildActionMask = 2147483647;
			files = (
				2B4074386A663AFFADC9850C,
			);
			runOnlyForDeploymentPostprocessing = 0;
		};
/* End PBXRezBuildPhase section */

/* Begin PBXSourcesBuildPhase section */
		52C0EFEA622D445460847EFB = {
			isa = PBXSourcesBuildPhase;
			buildActionMask = 2147483647;
			files = (
				3DD952E8D5E24A6ED2999D94,
			);
			runOnlyForDeploymentPostprocessing = 0;
		};
		E4AAD1FB2D50BDD56002B154 = {
			isa = PBXSourcesBuildPhase;
			buildActionMask = 2147483647;
			files = (
				E5C8BC4D6E1D2FEB64EDA99D,
				4713E5361134629BEBEEB8B0,
			);
			runOnlyForDeploymentPostprocessing = 0;
		};
		F638AB6F6B100FF80E6F489D = {
			isa = PBXSourcesBuildPhase;
			buildActionMask = 2147483647;
			files = (
				1836DE28AA52BFCDDC94E05F,
			);
			runOnlyForDeploymentPostprocessing = 0;
		};
		FC874CF99F9AD7AF2C04AA4D = {
			isa = PBXSourcesBuildPhase;
			buildActionMask = 2147483647;
			files = (
				A5D6940A2F58E200BBDA682F,
				8F2FA5CB0FF45DC0F2EFD70F,
				73D264D52143812B4BAD09D7,
				0851EE83126ACAED8C80650C,
				0E1DE3168ACF7F599D82AEFE,
				22A5FC6F36CFAD4F70CD82C0,
				ECB6ACBCEDE653A59C230E4B,
				D256A8DD1A79767D1ED1E839,
				D4C812E1E26095F03CD3E4C1,
				41462AAA2B3C953758978253,
				EC1DFF94BCC44D626ED8817C,
				19DD1C92D7198D10D619B435,
				1A1085291D1D0F70A66DD9BB,
				384AED97344C56758D199E10,
				755C23377B5F276ED20BD23B,
				DCA44521D51FC07B26B3B622,
				8D091056FE51559D54D1920C,
				786D2D29DA741AF1A8B1920D,
				3F5B454CE8EF2F9941AB80A5,
				EC66FA85A251798F1A97A5B0,
				DD546BE5F3E31C82A7629376,
				0BC36E4214C55DA878A97AB8,
				5C9504B2A628345F7EB904CC,
				3D967F98EF7D2D72C287C382,
				CEC15755E483FFC8BF338859,
				B87981F68D01F34C13054915,
			);
			runOnlyForDeploymentPostprocessing = 0;
		};
/* End PBXSourcesBuildPhase section */

/* Begin PBXTargetDependency section */
		3AE81540B55B56B8CFE89590 = {
			isa = PBXTargetDependency;
			target = 96BB7AD402E5992E47C59B7E;
		};
		5E293FBDD408FBBF1656FC82 = {
			isa = PBXTargetDependency;
			target = 1587540E6131762AF6F6619E;
		};
		61B57BF8E4F41B5FC862BA38 = {
			isa = PBXTargetDependency;
			target = F46F214F99951DD66C722BDA;
		};
		BFEA34AFE638B3F863E5C12C = {
			isa = PBXTargetDependency;
			target = A2EAACA2B3A41C9ACA6D7812;
		};
		C63BF93D9A3F3DE96B023F39 = {
			isa = PBXTargetDependency;
			target = 96BB7AD402E5992E47C59B7E;
		};
		E0B9310680AFBAF0FF9A5991 = {
			isa = PBXTargetDependency;
			target = 96BB7AD402E5992E47C59B7E;
		};
		EA9268069C534897C500A094 = {
			isa = PBXTargetDependency;
			target = 96BB7AD402E5992E47C59B7E;
		};
/* End PBXTargetDependency section */

/* Begin XCBuildConfiguration section */
		14CE8D28684F2D3C616E78A4 /* Debug */ = {
			isa = XCBuildConfiguration;
			buildSettings = {
				CLANG_CXX_LANGUAGE_STANDARD = "c++20";
				CLANG_CXX_LIBRARY = "libc++";
				CLANG_LINK_OBJC_RUNTIME = NO;
				CODE_SIGN_IDENTITY = "";
				COMBINE_HIDPI_IMAGES = YES;
				CONFIGURATION_BUILD_DIR = "$(PROJECT_DIR)/build/$(CONFIGURATION)";
				COPY_PHASE_STRIP = NO;
				DEPLOYMENT_LOCATION = YES;
				DSTROOT = /;
				EXCLUDED_ARCHS = "";
				GCC_DYNAMIC_NO_PIC = NO;
				GCC_OPTIMIZATION_LEVEL = 0;
				GCC_PREPROCESSOR_DEFINITIONS = (
					"_DEBUG=1",
					"DEBUG=1",
					"JUCE_DISPLAY_SPLASH_SCREEN=1",
					"JUCE_USE_DARK_SPLASH_SCREEN=1",
					"JUCE_PROJUCER_VERSION=0x70002",
					"JUCE_MODULE_AVAILABLE_juce_audio_basics=1",
					"JUCE_MODULE_AVAILABLE_juce_audio_devices=1",
					"JUCE_MODULE_AVAILABLE_juce_audio_formats=1",
					"JUCE_MODULE_AVAILABLE_juce_audio_plugin_client=1",
					"JUCE_MODULE_AVAILABLE_juce_audio_processors=1",
					"JUCE_MODULE_AVAILABLE_juce_audio_utils=1",
					"JUCE_MODULE_AVAILABLE_juce_core=1",
					"JUCE_MODULE_AVAILABLE_juce_data_structures=1",
					"JUCE_MODULE_AVAILABLE_juce_events=1",
					"JUCE_MODULE_AVAILABLE_juce_graphics=1",
					"JUCE_MODULE_AVAILABLE_juce_gui_basics=1",
					"JUCE_MODULE_AVAILABLE_juce_gui_extra=1",
					"JUCE_GLOBAL_MODULE_SETTINGS_INCLUDED=1",
					"JUCE_VST3_CAN_REPLACE_VST2=0",
					"JUCE_STRICT_REFCOUNTEDPOINTER=1",
					"JucePlugin_Build_VST=0",
					"JucePlugin_Build_VST3=0",
					"JucePlugin_Build_AU=1",
					"JucePlugin_Build_AUv3=0",
					"JucePlugin_Build_AAX=0",
					"JucePlugin_Build_Standalone=0",
					"JucePlugin_Build_Unity=0",
					"JucePlugin_Build_LV2=0",
					"JucePlugin_Enable_IAA=0",
					"JucePlugin_Enable_ARA=0",
					"JucePlugin_Name=\\\"GMPI_Drawing\\\"",
					"JucePlugin_Desc=\\\"GMPI_Drawing\\\"",
					"JucePlugin_Manufacturer=\\\"yourcompany\\\"",
					"JucePlugin_ManufacturerWebsite=\\\"www.yourcompany.com\\\"",
					"JucePlugin_ManufacturerEmail=\\\"\\\"",
					"JucePlugin_ManufacturerCode=0x4d616e75",
					"JucePlugin_PluginCode=0x4e737970",
					"JucePlugin_IsSynth=0",
					"JucePlugin_WantsMidiInput=0",
					"JucePlugin_ProducesMidiOutput=0",
					"JucePlugin_IsMidiEffect=0",
					"JucePlugin_EditorRequiresKeyboardFocus=0",
					"JucePlugin_Version=1.0.0",
					"JucePlugin_VersionCode=0x10000",
					"JucePlugin_VersionString=\\\"1.0.0\\\"",
					"JucePlugin_VSTUniqueID=JucePlugin_PluginCode",
					"JucePlugin_VSTCategory=kPlugCategEffect",
					"JucePlugin_Vst3Category=\\\"Fx\\\"",
					"JucePlugin_AUMainType=\\'aufx\\'",
					"JucePlugin_AUSubType=JucePlugin_PluginCode",
					"JucePlugin_AUExportPrefix=GMPI_DrawingAU",
					"JucePlugin_AUExportPrefixQuoted=\\\"GMPI_DrawingAU\\\"",
					"JucePlugin_AUManufacturerCode=JucePlugin_ManufacturerCode",
					"JucePlugin_CFBundleIdentifier=com.yourcompany.GMPI_Drawing",
					"JucePlugin_AAXIdentifier=com.yourcompany.GMPI_Drawing",
					"JucePlugin_AAXManufacturerCode=JucePlugin_ManufacturerCode",
					"JucePlugin_AAXProductId=JucePlugin_PluginCode",
					"JucePlugin_AAXCategory=0",
					"JucePlugin_AAXDisableBypass=0",
					"JucePlugin_AAXDisableMultiMono=0",
					"JucePlugin_IAAType=0x61757278",
					"JucePlugin_IAASubType=JucePlugin_PluginCode",
					"JucePlugin_IAAName=\\\"yourcompany:\\ GMPI_Drawing\\\"",
					"JucePlugin_VSTNumMidiInputs=16",
					"JucePlugin_VSTNumMidiOutputs=16",
					"JucePlugin_ARAContentTypes=0",
					"JucePlugin_ARATransformationFlags=0",
					"JucePlugin_ARAFactoryID=\\\"com.yourcompany.GMPI_Drawing.factory\\\"",
					"JucePlugin_ARADocumentArchiveID=\\\"com.yourcompany.GMPI_Drawing.aradocumentarchive.1.0.0\\\"",
					"JucePlugin_ARACompatibleArchiveIDs=\\\"\\\"",
					"JUCE_STANDALONE_APPLICATION=JucePlugin_Build_Standalone",
					"_UNICODE",
					"UNICODE",
					"JUCER_XCODE_MAC_F6D2F4CF=1",
					"JUCE_APP_VERSION=1.0.0",
					"JUCE_APP_VERSION_HEX=0x10000",
				);
				GCC_VERSION = com.apple.compilers.llvm.clang.1_0;
				GENERATE_PKGINFO_FILE = YES;
				HEADER_SEARCH_PATHS = (
					"/Users/jeffmcclintock/Exonic/Products/JUCE/modules/juce_audio_processors/format_types/VST3_SDK",
					"$(SRCROOT)/../../JuceLibraryCode",
					"/Users/jeffmcclintock/Exonic/Products/JUCE/modules",
					"C:\SE\gmpi_ui",
					"/Users/jeffmcclintock/Exonic/Products/JUCE/modules/juce_audio_plugin_client",
					"$(inherited)",
				);
				INFOPLIST_FILE = Info-AU.plist;
				INFOPLIST_PREPROCESS = NO;
				INSTALL_PATH = "$(HOME)/Library/Audio/Plug-Ins/Components/";
				LIBRARY_STYLE = Bundle;
				MACOSX_DEPLOYMENT_TARGET = 10.11;
				MTL_HEADER_SEARCH_PATHS = "/Users/jeffmcclintock/Exonic/Products/JUCE/modules/juce_audio_processors/format_types/VST3_SDK $(SRCROOT)/../../JuceLibraryCode /Users/jeffmcclintock/Exonic/Products/JUCE/modules C:\SE\gmpi_ui /Users/jeffmcclintock/Exonic/Products/JUCE/modules/juce_audio_plugin_client";
				OTHER_LDFLAGS = "-bundle -lNewProject -weak_framework Metal -weak_framework MetalKit";
				OTHER_REZFLAGS = "-d ppc_$ppc -d i386_$i386 -d ppc64_$ppc64 -d x86_64_$x86_64 -d arm64_$arm64 -I /System/Library/Frameworks/CoreServices.framework/Frameworks/CarbonCore.framework/Versions/A/Headers -I \"$(DEVELOPER_DIR)/Extras/CoreAudio/AudioUnits/AUPublic/AUBase\" -I \"$(DEVELOPER_DIR)/Platforms/MacOSX.platform/Developer/SDKs/MacOSX.sdk/System/Library/Frameworks/AudioUnit.framework/Headers\"";
				PRODUCT_BUNDLE_IDENTIFIER = com.yourcompany.GMPI_Drawing;
				PRODUCT_NAME = "NewProject";
				USE_HEADERMAP = NO;
				VALID_ARCHS = "i386 x86_64 arm64 arm64e";
				WRAPPER_EXTENSION = component;
			};
			name = Debug;
		};
		243302F3C1BC9B9A584F6460 /* Debug */ = {
			isa = XCBuildConfiguration;
			buildSettings = {
				MACOSX_DEPLOYMENT_TARGET = 10.11;
				SDKROOT = macosx;
			};
			name = Debug;
		};
		3BB60188436C2B5FBF971D55 /* Release */ = {
			isa = XCBuildConfiguration;
			buildSettings = {
				MACOSX_DEPLOYMENT_TARGET = 10.11;
				SDKROOT = macosx;
			};
			name = Release;
		};
		53A4F882ADE35F87FA7A428D /* Release */ = {
			isa = XCBuildConfiguration;
			buildSettings = {
				CLANG_CXX_LANGUAGE_STANDARD = "c++20";
				CLANG_CXX_LIBRARY = "libc++";
				CLANG_LINK_OBJC_RUNTIME = NO;
				CODE_SIGN_IDENTITY = "";
				COMBINE_HIDPI_IMAGES = YES;
				CONFIGURATION_BUILD_DIR = "$(PROJECT_DIR)/build/$(CONFIGURATION)";
				DEAD_CODE_STRIPPING = YES;
				EXCLUDED_ARCHS = "";
				GCC_GENERATE_DEBUGGING_SYMBOLS = NO;
				GCC_OPTIMIZATION_LEVEL = 3;
				GCC_PREPROCESSOR_DEFINITIONS = (
					"_NDEBUG=1",
					"NDEBUG=1",
					"JUCE_DISPLAY_SPLASH_SCREEN=1",
					"JUCE_USE_DARK_SPLASH_SCREEN=1",
					"JUCE_PROJUCER_VERSION=0x70002",
					"JUCE_MODULE_AVAILABLE_juce_audio_basics=1",
					"JUCE_MODULE_AVAILABLE_juce_audio_devices=1",
					"JUCE_MODULE_AVAILABLE_juce_audio_formats=1",
					"JUCE_MODULE_AVAILABLE_juce_audio_plugin_client=1",
					"JUCE_MODULE_AVAILABLE_juce_audio_processors=1",
					"JUCE_MODULE_AVAILABLE_juce_audio_utils=1",
					"JUCE_MODULE_AVAILABLE_juce_core=1",
					"JUCE_MODULE_AVAILABLE_juce_data_structures=1",
					"JUCE_MODULE_AVAILABLE_juce_events=1",
					"JUCE_MODULE_AVAILABLE_juce_graphics=1",
					"JUCE_MODULE_AVAILABLE_juce_gui_basics=1",
					"JUCE_MODULE_AVAILABLE_juce_gui_extra=1",
					"JUCE_GLOBAL_MODULE_SETTINGS_INCLUDED=1",
					"JUCE_VST3_CAN_REPLACE_VST2=0",
					"JUCE_STRICT_REFCOUNTEDPOINTER=1",
					"JucePlugin_Build_VST=0",
					"JucePlugin_Build_VST3=1",
					"JucePlugin_Build_AU=1",
					"JucePlugin_Build_AUv3=0",
					"JucePlugin_Build_AAX=0",
					"JucePlugin_Build_Standalone=1",
					"JucePlugin_Build_Unity=0",
					"JucePlugin_Build_LV2=0",
					"JucePlugin_Enable_IAA=0",
					"JucePlugin_Enable_ARA=0",
					"JucePlugin_Name=\\\"GMPI_Drawing\\\"",
					"JucePlugin_Desc=\\\"GMPI_Drawing\\\"",
					"JucePlugin_Manufacturer=\\\"yourcompany\\\"",
					"JucePlugin_ManufacturerWebsite=\\\"www.yourcompany.com\\\"",
					"JucePlugin_ManufacturerEmail=\\\"\\\"",
					"JucePlugin_ManufacturerCode=0x4d616e75",
					"JucePlugin_PluginCode=0x4e737970",
					"JucePlugin_IsSynth=0",
					"JucePlugin_WantsMidiInput=0",
					"JucePlugin_ProducesMidiOutput=0",
					"JucePlugin_IsMidiEffect=0",
					"JucePlugin_EditorRequiresKeyboardFocus=0",
					"JucePlugin_Version=1.0.0",
					"JucePlugin_VersionCode=0x10000",
					"JucePlugin_VersionString=\\\"1.0.0\\\"",
					"JucePlugin_VSTUniqueID=JucePlugin_PluginCode",
					"JucePlugin_VSTCategory=kPlugCategEffect",
					"JucePlugin_Vst3Category=\\\"Fx\\\"",
					"JucePlugin_AUMainType=\\'aufx\\'",
					"JucePlugin_AUSubType=JucePlugin_PluginCode",
					"JucePlugin_AUExportPrefix=GMPI_DrawingAU",
					"JucePlugin_AUExportPrefixQuoted=\\\"GMPI_DrawingAU\\\"",
					"JucePlugin_AUManufacturerCode=JucePlugin_ManufacturerCode",
					"JucePlugin_CFBundleIdentifier=com.yourcompany.GMPI_Drawing",
					"JucePlugin_AAXIdentifier=com.yourcompany.GMPI_Drawing",
					"JucePlugin_AAXManufacturerCode=JucePlugin_ManufacturerCode",
					"JucePlugin_AAXProductId=JucePlugin_PluginCode",
					"JucePlugin_AAXCategory=0",
					"JucePlugin_AAXDisableBypass=0",
					"JucePlugin_AAXDisableMultiMono=0",
					"JucePlugin_IAAType=0x61757278",
					"JucePlugin_IAASubType=JucePlugin_PluginCode",
					"JucePlugin_IAAName=\\\"yourcompany:\\ GMPI_Drawing\\\"",
					"JucePlugin_VSTNumMidiInputs=16",
					"JucePlugin_VSTNumMidiOutputs=16",
					"JucePlugin_ARAContentTypes=0",
					"JucePlugin_ARATransformationFlags=0",
					"JucePlugin_ARAFactoryID=\\\"com.yourcompany.GMPI_Drawing.factory\\\"",
					"JucePlugin_ARADocumentArchiveID=\\\"com.yourcompany.GMPI_Drawing.aradocumentarchive.1.0.0\\\"",
					"JucePlugin_ARACompatibleArchiveIDs=\\\"\\\"",
					"JUCE_STANDALONE_APPLICATION=JucePlugin_Build_Standalone",
					"_UNICODE",
					"UNICODE",
					"JUCER_XCODE_MAC_F6D2F4CF=1",
					"JUCE_APP_VERSION=1.0.0",
					"JUCE_APP_VERSION_HEX=0x10000",
					"JUCE_SHARED_CODE=1",
				);
				GCC_VERSION = com.apple.compilers.llvm.clang.1_0;
				HEADER_SEARCH_PATHS = (
					"/Users/jeffmcclintock/Exonic/Products/JUCE/modules/juce_audio_processors/format_types/VST3_SDK",
					"$(SRCROOT)/../../JuceLibraryCode",
					"/Users/jeffmcclintock/Exonic/Products/JUCE/modules",
					"C:\SE\gmpi_ui",
					"/Users/jeffmcclintock/Exonic/Products/JUCE/modules/juce_audio_plugin_client",
					"$(inherited)",
				);
				INSTALL_PATH = "@executable_path/../Frameworks";
				LLVM_LTO = YES;
				MACOSX_DEPLOYMENT_TARGET = 10.11;
				MTL_HEADER_SEARCH_PATHS = "/Users/jeffmcclintock/Exonic/Products/JUCE/modules/juce_audio_processors/format_types/VST3_SDK $(SRCROOT)/../../JuceLibraryCode /Users/jeffmcclintock/Exonic/Products/JUCE/modules C:\SE\gmpi_ui /Users/jeffmcclintock/Exonic/Products/JUCE/modules/juce_audio_plugin_client";
				OTHER_LDFLAGS = "-weak_framework Metal -weak_framework MetalKit";
				PRODUCT_BUNDLE_IDENTIFIER = com.yourcompany.GMPI_Drawing;
				PRODUCT_NAME = "NewProject";
				SKIP_INSTALL = YES;
				USE_HEADERMAP = NO;
				VALID_ARCHS = "i386 x86_64 arm64 arm64e";
			};
			name = Release;
		};
		59A26F035B44FFAA245B9D83 /* Release */ = {
			isa = XCBuildConfiguration;
			buildSettings = {
				CLANG_CXX_LANGUAGE_STANDARD = "c++20";
				CLANG_CXX_LIBRARY = "libc++";
				CLANG_LINK_OBJC_RUNTIME = NO;
				CODE_SIGN_IDENTITY = "";
				COMBINE_HIDPI_IMAGES = YES;
				CONFIGURATION_BUILD_DIR = "$(PROJECT_DIR)/build/$(CONFIGURATION)";
				DEAD_CODE_STRIPPING = YES;
				DEPLOYMENT_LOCATION = YES;
				DSTROOT = /;
				EXCLUDED_ARCHS = "";
				GCC_GENERATE_DEBUGGING_SYMBOLS = NO;
				GCC_OPTIMIZATION_LEVEL = 3;
				GCC_PREPROCESSOR_DEFINITIONS = (
					"_NDEBUG=1",
					"NDEBUG=1",
					"JUCE_DISPLAY_SPLASH_SCREEN=1",
					"JUCE_USE_DARK_SPLASH_SCREEN=1",
					"JUCE_PROJUCER_VERSION=0x70002",
					"JUCE_MODULE_AVAILABLE_juce_audio_basics=1",
					"JUCE_MODULE_AVAILABLE_juce_audio_devices=1",
					"JUCE_MODULE_AVAILABLE_juce_audio_formats=1",
					"JUCE_MODULE_AVAILABLE_juce_audio_plugin_client=1",
					"JUCE_MODULE_AVAILABLE_juce_audio_processors=1",
					"JUCE_MODULE_AVAILABLE_juce_audio_utils=1",
					"JUCE_MODULE_AVAILABLE_juce_core=1",
					"JUCE_MODULE_AVAILABLE_juce_data_structures=1",
					"JUCE_MODULE_AVAILABLE_juce_events=1",
					"JUCE_MODULE_AVAILABLE_juce_graphics=1",
					"JUCE_MODULE_AVAILABLE_juce_gui_basics=1",
					"JUCE_MODULE_AVAILABLE_juce_gui_extra=1",
					"JUCE_GLOBAL_MODULE_SETTINGS_INCLUDED=1",
					"JUCE_VST3_CAN_REPLACE_VST2=0",
					"JUCE_STRICT_REFCOUNTEDPOINTER=1",
					"JucePlugin_Build_VST=0",
					"JucePlugin_Build_VST3=1",
					"JucePlugin_Build_AU=0",
					"JucePlugin_Build_AUv3=0",
					"JucePlugin_Build_AAX=0",
					"JucePlugin_Build_Standalone=0",
					"JucePlugin_Build_Unity=0",
					"JucePlugin_Build_LV2=0",
					"JucePlugin_Enable_IAA=0",
					"JucePlugin_Enable_ARA=0",
					"JucePlugin_Name=\\\"GMPI_Drawing\\\"",
					"JucePlugin_Desc=\\\"GMPI_Drawing\\\"",
					"JucePlugin_Manufacturer=\\\"yourcompany\\\"",
					"JucePlugin_ManufacturerWebsite=\\\"www.yourcompany.com\\\"",
					"JucePlugin_ManufacturerEmail=\\\"\\\"",
					"JucePlugin_ManufacturerCode=0x4d616e75",
					"JucePlugin_PluginCode=0x4e737970",
					"JucePlugin_IsSynth=0",
					"JucePlugin_WantsMidiInput=0",
					"JucePlugin_ProducesMidiOutput=0",
					"JucePlugin_IsMidiEffect=0",
					"JucePlugin_EditorRequiresKeyboardFocus=0",
					"JucePlugin_Version=1.0.0",
					"JucePlugin_VersionCode=0x10000",
					"JucePlugin_VersionString=\\\"1.0.0\\\"",
					"JucePlugin_VSTUniqueID=JucePlugin_PluginCode",
					"JucePlugin_VSTCategory=kPlugCategEffect",
					"JucePlugin_Vst3Category=\\\"Fx\\\"",
					"JucePlugin_AUMainType=\\'aufx\\'",
					"JucePlugin_AUSubType=JucePlugin_PluginCode",
					"JucePlugin_AUExportPrefix=GMPI_DrawingAU",
					"JucePlugin_AUExportPrefixQuoted=\\\"GMPI_DrawingAU\\\"",
					"JucePlugin_AUManufacturerCode=JucePlugin_ManufacturerCode",
					"JucePlugin_CFBundleIdentifier=com.yourcompany.GMPI_Drawing",
					"JucePlugin_AAXIdentifier=com.yourcompany.GMPI_Drawing",
					"JucePlugin_AAXManufacturerCode=JucePlugin_ManufacturerCode",
					"JucePlugin_AAXProductId=JucePlugin_PluginCode",
					"JucePlugin_AAXCategory=0",
					"JucePlugin_AAXDisableBypass=0",
					"JucePlugin_AAXDisableMultiMono=0",
					"JucePlugin_IAAType=0x61757278",
					"JucePlugin_IAASubType=JucePlugin_PluginCode",
					"JucePlugin_IAAName=\\\"yourcompany:\\ GMPI_Drawing\\\"",
					"JucePlugin_VSTNumMidiInputs=16",
					"JucePlugin_VSTNumMidiOutputs=16",
					"JucePlugin_ARAContentTypes=0",
					"JucePlugin_ARATransformationFlags=0",
					"JucePlugin_ARAFactoryID=\\\"com.yourcompany.GMPI_Drawing.factory\\\"",
					"JucePlugin_ARADocumentArchiveID=\\\"com.yourcompany.GMPI_Drawing.aradocumentarchive.1.0.0\\\"",
					"JucePlugin_ARACompatibleArchiveIDs=\\\"\\\"",
					"JUCE_STANDALONE_APPLICATION=JucePlugin_Build_Standalone",
					"_UNICODE",
					"UNICODE",
					"JUCER_XCODE_MAC_F6D2F4CF=1",
					"JUCE_APP_VERSION=1.0.0",
					"JUCE_APP_VERSION_HEX=0x10000",
				);
				GCC_VERSION = com.apple.compilers.llvm.clang.1_0;
				GENERATE_PKGINFO_FILE = YES;
				HEADER_SEARCH_PATHS = (
					"/Users/jeffmcclintock/Exonic/Products/JUCE/modules/juce_audio_processors/format_types/VST3_SDK",
					"$(SRCROOT)/../../JuceLibraryCode",
					"/Users/jeffmcclintock/Exonic/Products/JUCE/modules",
					"C:\SE\gmpi_ui",
					"/Users/jeffmcclintock/Exonic/Products/JUCE/modules/juce_audio_plugin_client",
					"$(inherited)",
				);
				INFOPLIST_FILE = Info-VST3.plist;
				INFOPLIST_PREPROCESS = NO;
				INSTALL_PATH = "$(HOME)/Library/Audio/Plug-Ins/VST3/";
				LIBRARY_STYLE = Bundle;
				LLVM_LTO = YES;
				MACOSX_DEPLOYMENT_TARGET = 10.11;
				MTL_HEADER_SEARCH_PATHS = "/Users/jeffmcclintock/Exonic/Products/JUCE/modules/juce_audio_processors/format_types/VST3_SDK $(SRCROOT)/../../JuceLibraryCode /Users/jeffmcclintock/Exonic/Products/JUCE/modules C:\SE\gmpi_ui /Users/jeffmcclintock/Exonic/Products/JUCE/modules/juce_audio_plugin_client";
				OTHER_LDFLAGS = "-bundle -lNewProject -weak_framework Metal -weak_framework MetalKit";
				PRODUCT_BUNDLE_IDENTIFIER = com.yourcompany.GMPI_Drawing;
				PRODUCT_NAME = "NewProject";
				USE_HEADERMAP = NO;
				VALID_ARCHS = "i386 x86_64 arm64 arm64e";
				WRAPPER_EXTENSION = vst3;
			};
			name = Release;
		};
		6F3EB6B35DD497219D1DCE4D /* Debug */ = {
			isa = XCBuildConfiguration;
			buildSettings = {
				CLANG_CXX_LANGUAGE_STANDARD = "c++20";
				CLANG_CXX_LIBRARY = "libc++";
				CLANG_LINK_OBJC_RUNTIME = NO;
				CODE_SIGN_IDENTITY = "";
				COMBINE_HIDPI_IMAGES = YES;
				CONFIGURATION_BUILD_DIR = "$(PROJECT_DIR)/build/$(CONFIGURATION)";
				COPY_PHASE_STRIP = NO;
				EXCLUDED_ARCHS = "";
				GCC_DYNAMIC_NO_PIC = NO;
				GCC_OPTIMIZATION_LEVEL = 0;
				GCC_PREPROCESSOR_DEFINITIONS = (
					"_DEBUG=1",
					"DEBUG=1",
					"JUCE_DISPLAY_SPLASH_SCREEN=1",
					"JUCE_USE_DARK_SPLASH_SCREEN=1",
					"JUCE_PROJUCER_VERSION=0x70002",
					"JUCE_MODULE_AVAILABLE_juce_audio_basics=1",
					"JUCE_MODULE_AVAILABLE_juce_audio_devices=1",
					"JUCE_MODULE_AVAILABLE_juce_audio_formats=1",
					"JUCE_MODULE_AVAILABLE_juce_audio_plugin_client=1",
					"JUCE_MODULE_AVAILABLE_juce_audio_processors=1",
					"JUCE_MODULE_AVAILABLE_juce_audio_utils=1",
					"JUCE_MODULE_AVAILABLE_juce_core=1",
					"JUCE_MODULE_AVAILABLE_juce_data_structures=1",
					"JUCE_MODULE_AVAILABLE_juce_events=1",
					"JUCE_MODULE_AVAILABLE_juce_graphics=1",
					"JUCE_MODULE_AVAILABLE_juce_gui_basics=1",
					"JUCE_MODULE_AVAILABLE_juce_gui_extra=1",
					"JUCE_GLOBAL_MODULE_SETTINGS_INCLUDED=1",
					"JUCE_VST3_CAN_REPLACE_VST2=0",
					"JUCE_STRICT_REFCOUNTEDPOINTER=1",
					"JucePlugin_Build_VST=0",
					"JucePlugin_Build_VST3=1",
					"JucePlugin_Build_AU=1",
					"JucePlugin_Build_AUv3=0",
					"JucePlugin_Build_AAX=0",
					"JucePlugin_Build_Standalone=1",
					"JucePlugin_Build_Unity=0",
					"JucePlugin_Build_LV2=0",
					"JucePlugin_Enable_IAA=0",
					"JucePlugin_Enable_ARA=0",
					"JucePlugin_Name=\\\"GMPI_Drawing\\\"",
					"JucePlugin_Desc=\\\"GMPI_Drawing\\\"",
					"JucePlugin_Manufacturer=\\\"yourcompany\\\"",
					"JucePlugin_ManufacturerWebsite=\\\"www.yourcompany.com\\\"",
					"JucePlugin_ManufacturerEmail=\\\"\\\"",
					"JucePlugin_ManufacturerCode=0x4d616e75",
					"JucePlugin_PluginCode=0x4e737970",
					"JucePlugin_IsSynth=0",
					"JucePlugin_WantsMidiInput=0",
					"JucePlugin_ProducesMidiOutput=0",
					"JucePlugin_IsMidiEffect=0",
					"JucePlugin_EditorRequiresKeyboardFocus=0",
					"JucePlugin_Version=1.0.0",
					"JucePlugin_VersionCode=0x10000",
					"JucePlugin_VersionString=\\\"1.0.0\\\"",
					"JucePlugin_VSTUniqueID=JucePlugin_PluginCode",
					"JucePlugin_VSTCategory=kPlugCategEffect",
					"JucePlugin_Vst3Category=\\\"Fx\\\"",
					"JucePlugin_AUMainType=\\'aufx\\'",
					"JucePlugin_AUSubType=JucePlugin_PluginCode",
					"JucePlugin_AUExportPrefix=GMPI_DrawingAU",
					"JucePlugin_AUExportPrefixQuoted=\\\"GMPI_DrawingAU\\\"",
					"JucePlugin_AUManufacturerCode=JucePlugin_ManufacturerCode",
					"JucePlugin_CFBundleIdentifier=com.yourcompany.GMPI_Drawing",
					"JucePlugin_AAXIdentifier=com.yourcompany.GMPI_Drawing",
					"JucePlugin_AAXManufacturerCode=JucePlugin_ManufacturerCode",
					"JucePlugin_AAXProductId=JucePlugin_PluginCode",
					"JucePlugin_AAXCategory=0",
					"JucePlugin_AAXDisableBypass=0",
					"JucePlugin_AAXDisableMultiMono=0",
					"JucePlugin_IAAType=0x61757278",
					"JucePlugin_IAASubType=JucePlugin_PluginCode",
					"JucePlugin_IAAName=\\\"yourcompany:\\ GMPI_Drawing\\\"",
					"JucePlugin_VSTNumMidiInputs=16",
					"JucePlugin_VSTNumMidiOutputs=16",
					"JucePlugin_ARAContentTypes=0",
					"JucePlugin_ARATransformationFlags=0",
					"JucePlugin_ARAFactoryID=\\\"com.yourcompany.GMPI_Drawing.factory\\\"",
					"JucePlugin_ARADocumentArchiveID=\\\"com.yourcompany.GMPI_Drawing.aradocumentarchive.1.0.0\\\"",
					"JucePlugin_ARACompatibleArchiveIDs=\\\"\\\"",
					"JUCE_STANDALONE_APPLICATION=JucePlugin_Build_Standalone",
					"_UNICODE",
					"UNICODE",
					"JUCER_XCODE_MAC_F6D2F4CF=1",
					"JUCE_APP_VERSION=1.0.0",
					"JUCE_APP_VERSION_HEX=0x10000",
					"JUCE_SHARED_CODE=1",
				);
				GCC_VERSION = com.apple.compilers.llvm.clang.1_0;
				HEADER_SEARCH_PATHS = (
					"/Users/jeffmcclintock/Exonic/Products/JUCE/modules/juce_audio_processors/format_types/VST3_SDK",
					"$(SRCROOT)/../../JuceLibraryCode",
					"/Users/jeffmcclintock/Exonic/Products/JUCE/modules",
					"C:\SE\gmpi_ui",
					"/Users/jeffmcclintock/Exonic/Products/JUCE/modules/juce_audio_plugin_client",
					"$(inherited)",
				);
				INSTALL_PATH = "@executable_path/../Frameworks";
				MACOSX_DEPLOYMENT_TARGET = 10.11;
				MTL_HEADER_SEARCH_PATHS = "/Users/jeffmcclintock/Exonic/Products/JUCE/modules/juce_audio_processors/format_types/VST3_SDK $(SRCROOT)/../../JuceLibraryCode /Users/jeffmcclintock/Exonic/Products/JUCE/modules C:\SE\gmpi_ui /Users/jeffmcclintock/Exonic/Products/JUCE/modules/juce_audio_plugin_client";
				OTHER_LDFLAGS = "-weak_framework Metal -weak_framework MetalKit";
				PRODUCT_BUNDLE_IDENTIFIER = com.yourcompany.GMPI_Drawing;
				PRODUCT_NAME = "NewProject";
				SKIP_INSTALL = YES;
				USE_HEADERMAP = NO;
				VALID_ARCHS = "i386 x86_64 arm64 arm64e";
			};
			name = Debug;
		};
		C0D297C11308E566FB00C638 /* Debug */ = {
			isa = XCBuildConfiguration;
			buildSettings = {
				CLANG_CXX_LANGUAGE_STANDARD = "c++20";
				CLANG_CXX_LIBRARY = "libc++";
				CLANG_LINK_OBJC_RUNTIME = NO;
				CODE_SIGN_IDENTITY = "";
				COMBINE_HIDPI_IMAGES = YES;
				CONFIGURATION_BUILD_DIR = "$(PROJECT_DIR)/build/$(CONFIGURATION)";
				COPY_PHASE_STRIP = NO;
				EXCLUDED_ARCHS = "";
				GCC_DYNAMIC_NO_PIC = NO;
				GCC_OPTIMIZATION_LEVEL = 0;
				GCC_PREPROCESSOR_DEFINITIONS = (
					"_DEBUG=1",
					"DEBUG=1",
					"JUCE_DISPLAY_SPLASH_SCREEN=1",
					"JUCE_USE_DARK_SPLASH_SCREEN=1",
					"JUCE_PROJUCER_VERSION=0x70002",
					"JUCE_MODULE_AVAILABLE_juce_audio_basics=1",
					"JUCE_MODULE_AVAILABLE_juce_audio_devices=1",
					"JUCE_MODULE_AVAILABLE_juce_audio_formats=1",
					"JUCE_MODULE_AVAILABLE_juce_audio_plugin_client=1",
					"JUCE_MODULE_AVAILABLE_juce_audio_processors=1",
					"JUCE_MODULE_AVAILABLE_juce_audio_utils=1",
					"JUCE_MODULE_AVAILABLE_juce_core=1",
					"JUCE_MODULE_AVAILABLE_juce_data_structures=1",
					"JUCE_MODULE_AVAILABLE_juce_events=1",
					"JUCE_MODULE_AVAILABLE_juce_graphics=1",
					"JUCE_MODULE_AVAILABLE_juce_gui_basics=1",
					"JUCE_MODULE_AVAILABLE_juce_gui_extra=1",
					"JUCE_GLOBAL_MODULE_SETTINGS_INCLUDED=1",
					"JUCE_VST3_CAN_REPLACE_VST2=0",
					"JUCE_STRICT_REFCOUNTEDPOINTER=1",
					"JucePlugin_Build_VST=0",
					"JucePlugin_Build_VST3=0",
					"JucePlugin_Build_AU=0",
					"JucePlugin_Build_AUv3=0",
					"JucePlugin_Build_AAX=0",
					"JucePlugin_Build_Standalone=1",
					"JucePlugin_Build_Unity=0",
					"JucePlugin_Build_LV2=0",
					"JucePlugin_Enable_IAA=0",
					"JucePlugin_Enable_ARA=0",
					"JucePlugin_Name=\\\"GMPI_Drawing\\\"",
					"JucePlugin_Desc=\\\"GMPI_Drawing\\\"",
					"JucePlugin_Manufacturer=\\\"yourcompany\\\"",
					"JucePlugin_ManufacturerWebsite=\\\"www.yourcompany.com\\\"",
					"JucePlugin_ManufacturerEmail=\\\"\\\"",
					"JucePlugin_ManufacturerCode=0x4d616e75",
					"JucePlugin_PluginCode=0x4e737970",
					"JucePlugin_IsSynth=0",
					"JucePlugin_WantsMidiInput=0",
					"JucePlugin_ProducesMidiOutput=0",
					"JucePlugin_IsMidiEffect=0",
					"JucePlugin_EditorRequiresKeyboardFocus=0",
					"JucePlugin_Version=1.0.0",
					"JucePlugin_VersionCode=0x10000",
					"JucePlugin_VersionString=\\\"1.0.0\\\"",
					"JucePlugin_VSTUniqueID=JucePlugin_PluginCode",
					"JucePlugin_VSTCategory=kPlugCategEffect",
					"JucePlugin_Vst3Category=\\\"Fx\\\"",
					"JucePlugin_AUMainType=\\'aufx\\'",
					"JucePlugin_AUSubType=JucePlugin_PluginCode",
					"JucePlugin_AUExportPrefix=GMPI_DrawingAU",
					"JucePlugin_AUExportPrefixQuoted=\\\"GMPI_DrawingAU\\\"",
					"JucePlugin_AUManufacturerCode=JucePlugin_ManufacturerCode",
					"JucePlugin_CFBundleIdentifier=com.yourcompany.GMPI_Drawing",
					"JucePlugin_AAXIdentifier=com.yourcompany.GMPI_Drawing",
					"JucePlugin_AAXManufacturerCode=JucePlugin_ManufacturerCode",
					"JucePlugin_AAXProductId=JucePlugin_PluginCode",
					"JucePlugin_AAXCategory=0",
					"JucePlugin_AAXDisableBypass=0",
					"JucePlugin_AAXDisableMultiMono=0",
					"JucePlugin_IAAType=0x61757278",
					"JucePlugin_IAASubType=JucePlugin_PluginCode",
					"JucePlugin_IAAName=\\\"yourcompany:\\ GMPI_Drawing\\\"",
					"JucePlugin_VSTNumMidiInputs=16",
					"JucePlugin_VSTNumMidiOutputs=16",
					"JucePlugin_ARAContentTypes=0",
					"JucePlugin_ARATransformationFlags=0",
					"JucePlugin_ARAFactoryID=\\\"com.yourcompany.GMPI_Drawing.factory\\\"",
					"JucePlugin_ARADocumentArchiveID=\\\"com.yourcompany.GMPI_Drawing.aradocumentarchive.1.0.0\\\"",
					"JucePlugin_ARACompatibleArchiveIDs=\\\"\\\"",
					"JUCE_STANDALONE_APPLICATION=JucePlugin_Build_Standalone",
					"_UNICODE",
					"UNICODE",
					"JUCER_XCODE_MAC_F6D2F4CF=1",
					"JUCE_APP_VERSION=1.0.0",
					"JUCE_APP_VERSION_HEX=0x10000",
				);
				GCC_VERSION = com.apple.compilers.llvm.clang.1_0;
				HEADER_SEARCH_PATHS = (
					"/Users/jeffmcclintock/Exonic/Products/JUCE/modules/juce_audio_processors/format_types/VST3_SDK",
					"$(SRCROOT)/../../JuceLibraryCode",
					"/Users/jeffmcclintock/Exonic/Products/JUCE/modules",
					"C:\SE\gmpi_ui",
					"/Users/jeffmcclintock/Exonic/Products/JUCE/modules/juce_audio_plugin_client",
					"$(inherited)",
				);
				INFOPLIST_FILE = Info-Standalone_Plugin.plist;
				INFOPLIST_PREPROCESS = NO;
				MACOSX_DEPLOYMENT_TARGET = 10.11;
				MTL_HEADER_SEARCH_PATHS = "/Users/jeffmcclintock/Exonic/Products/JUCE/modules/juce_audio_processors/format_types/VST3_SDK $(SRCROOT)/../../JuceLibraryCode /Users/jeffmcclintock/Exonic/Products/JUCE/modules C:\SE\gmpi_ui /Users/jeffmcclintock/Exonic/Products/JUCE/modules/juce_audio_plugin_client";
				OTHER_LDFLAGS = "-lNewProject -weak_framework Metal -weak_framework MetalKit";
				PRODUCT_BUNDLE_IDENTIFIER = com.yourcompany.GMPI_Drawing;
				PRODUCT_NAME = "NewProject";
				USE_HEADERMAP = NO;
				VALID_ARCHS = "i386 x86_64 arm64 arm64e";
			};
			name = Debug;
		};
		D6D249DF9F9B996CBF649F74 /* Release */ = {
			isa = XCBuildConfiguration;
			buildSettings = {
				CLANG_CXX_LANGUAGE_STANDARD = "c++20";
				CLANG_CXX_LIBRARY = "libc++";
				CLANG_LINK_OBJC_RUNTIME = NO;
				CODE_SIGN_IDENTITY = "";
				COMBINE_HIDPI_IMAGES = YES;
				CONFIGURATION_BUILD_DIR = "$(PROJECT_DIR)/build/$(CONFIGURATION)";
				DEAD_CODE_STRIPPING = YES;
				EXCLUDED_ARCHS = "";
				GCC_GENERATE_DEBUGGING_SYMBOLS = NO;
				GCC_OPTIMIZATION_LEVEL = 3;
				GCC_PREPROCESSOR_DEFINITIONS = (
					"_NDEBUG=1",
					"NDEBUG=1",
					"JUCE_DISPLAY_SPLASH_SCREEN=1",
					"JUCE_USE_DARK_SPLASH_SCREEN=1",
					"JUCE_PROJUCER_VERSION=0x70002",
					"JUCE_MODULE_AVAILABLE_juce_audio_basics=1",
					"JUCE_MODULE_AVAILABLE_juce_audio_devices=1",
					"JUCE_MODULE_AVAILABLE_juce_audio_formats=1",
					"JUCE_MODULE_AVAILABLE_juce_audio_plugin_client=1",
					"JUCE_MODULE_AVAILABLE_juce_audio_processors=1",
					"JUCE_MODULE_AVAILABLE_juce_audio_utils=1",
					"JUCE_MODULE_AVAILABLE_juce_core=1",
					"JUCE_MODULE_AVAILABLE_juce_data_structures=1",
					"JUCE_MODULE_AVAILABLE_juce_events=1",
					"JUCE_MODULE_AVAILABLE_juce_graphics=1",
					"JUCE_MODULE_AVAILABLE_juce_gui_basics=1",
					"JUCE_MODULE_AVAILABLE_juce_gui_extra=1",
					"JUCE_GLOBAL_MODULE_SETTINGS_INCLUDED=1",
					"JUCE_VST3_CAN_REPLACE_VST2=0",
					"JUCE_STRICT_REFCOUNTEDPOINTER=1",
					"JucePlugin_Build_VST=0",
					"JucePlugin_Build_VST3=0",
					"JucePlugin_Build_AU=0",
					"JucePlugin_Build_AUv3=0",
					"JucePlugin_Build_AAX=0",
					"JucePlugin_Build_Standalone=1",
					"JucePlugin_Build_Unity=0",
					"JucePlugin_Build_LV2=0",
					"JucePlugin_Enable_IAA=0",
					"JucePlugin_Enable_ARA=0",
					"JucePlugin_Name=\\\"GMPI_Drawing\\\"",
					"JucePlugin_Desc=\\\"GMPI_Drawing\\\"",
					"JucePlugin_Manufacturer=\\\"yourcompany\\\"",
					"JucePlugin_ManufacturerWebsite=\\\"www.yourcompany.com\\\"",
					"JucePlugin_ManufacturerEmail=\\\"\\\"",
					"JucePlugin_ManufacturerCode=0x4d616e75",
					"JucePlugin_PluginCode=0x4e737970",
					"JucePlugin_IsSynth=0",
					"JucePlugin_WantsMidiInput=0",
					"JucePlugin_ProducesMidiOutput=0",
					"JucePlugin_IsMidiEffect=0",
					"JucePlugin_EditorRequiresKeyboardFocus=0",
					"JucePlugin_Version=1.0.0",
					"JucePlugin_VersionCode=0x10000",
					"JucePlugin_VersionString=\\\"1.0.0\\\"",
					"JucePlugin_VSTUniqueID=JucePlugin_PluginCode",
					"JucePlugin_VSTCategory=kPlugCategEffect",
					"JucePlugin_Vst3Category=\\\"Fx\\\"",
					"JucePlugin_AUMainType=\\'aufx\\'",
					"JucePlugin_AUSubType=JucePlugin_PluginCode",
					"JucePlugin_AUExportPrefix=GMPI_DrawingAU",
					"JucePlugin_AUExportPrefixQuoted=\\\"GMPI_DrawingAU\\\"",
					"JucePlugin_AUManufacturerCode=JucePlugin_ManufacturerCode",
					"JucePlugin_CFBundleIdentifier=com.yourcompany.GMPI_Drawing",
					"JucePlugin_AAXIdentifier=com.yourcompany.GMPI_Drawing",
					"JucePlugin_AAXManufacturerCode=JucePlugin_ManufacturerCode",
					"JucePlugin_AAXProductId=JucePlugin_PluginCode",
					"JucePlugin_AAXCategory=0",
					"JucePlugin_AAXDisableBypass=0",
					"JucePlugin_AAXDisableMultiMono=0",
					"JucePlugin_IAAType=0x61757278",
					"JucePlugin_IAASubType=JucePlugin_PluginCode",
					"JucePlugin_IAAName=\\\"yourcompany:\\ GMPI_Drawing\\\"",
					"JucePlugin_VSTNumMidiInputs=16",
					"JucePlugin_VSTNumMidiOutputs=16",
					"JucePlugin_ARAContentTypes=0",
					"JucePlugin_ARATransformationFlags=0",
					"JucePlugin_ARAFactoryID=\\\"com.yourcompany.GMPI_Drawing.factory\\\"",
					"JucePlugin_ARADocumentArchiveID=\\\"com.yourcompany.GMPI_Drawing.aradocumentarchive.1.0.0\\\"",
					"JucePlugin_ARACompatibleArchiveIDs=\\\"\\\"",
					"JUCE_STANDALONE_APPLICATION=JucePlugin_Build_Standalone",
					"_UNICODE",
					"UNICODE",
					"JUCER_XCODE_MAC_F6D2F4CF=1",
					"JUCE_APP_VERSION=1.0.0",
					"JUCE_APP_VERSION_HEX=0x10000",
				);
				GCC_VERSION = com.apple.compilers.llvm.clang.1_0;
				HEADER_SEARCH_PATHS = (
					"/Users/jeffmcclintock/Exonic/Products/JUCE/modules/juce_audio_processors/format_types/VST3_SDK",
					"$(SRCROOT)/../../JuceLibraryCode",
					"/Users/jeffmcclintock/Exonic/Products/JUCE/modules",
					"C:\SE\gmpi_ui",
					"/Users/jeffmcclintock/Exonic/Products/JUCE/modules/juce_audio_plugin_client",
					"$(inherited)",
				);
				INFOPLIST_FILE = Info-Standalone_Plugin.plist;
				INFOPLIST_PREPROCESS = NO;
				LLVM_LTO = YES;
				MACOSX_DEPLOYMENT_TARGET = 10.11;
				MTL_HEADER_SEARCH_PATHS = "/Users/jeffmcclintock/Exonic/Products/JUCE/modules/juce_audio_processors/format_types/VST3_SDK $(SRCROOT)/../../JuceLibraryCode /Users/jeffmcclintock/Exonic/Products/JUCE/modules C:\SE\gmpi_ui /Users/jeffmcclintock/Exonic/Products/JUCE/modules/juce_audio_plugin_client";
				OTHER_LDFLAGS = "-lNewProject -weak_framework Metal -weak_framework MetalKit";
				PRODUCT_BUNDLE_IDENTIFIER = com.yourcompany.GMPI_Drawing;
				PRODUCT_NAME = "NewProject";
				USE_HEADERMAP = NO;
				VALID_ARCHS = "i386 x86_64 arm64 arm64e";
			};
			name = Release;
		};
		E02C0CA6497ADAA364C7C220 /* Release */ = {
			isa = XCBuildConfiguration;
			buildSettings = {
				CLANG_CXX_LANGUAGE_STANDARD = "c++20";
				CLANG_CXX_LIBRARY = "libc++";
				CLANG_LINK_OBJC_RUNTIME = NO;
				CODE_SIGN_IDENTITY = "";
				COMBINE_HIDPI_IMAGES = YES;
				CONFIGURATION_BUILD_DIR = "$(PROJECT_DIR)/build/$(CONFIGURATION)";
				DEAD_CODE_STRIPPING = YES;
				DEPLOYMENT_LOCATION = YES;
				DSTROOT = /;
				EXCLUDED_ARCHS = "";
				GCC_GENERATE_DEBUGGING_SYMBOLS = NO;
				GCC_OPTIMIZATION_LEVEL = 3;
				GCC_PREPROCESSOR_DEFINITIONS = (
					"_NDEBUG=1",
					"NDEBUG=1",
					"JUCE_DISPLAY_SPLASH_SCREEN=1",
					"JUCE_USE_DARK_SPLASH_SCREEN=1",
					"JUCE_PROJUCER_VERSION=0x70002",
					"JUCE_MODULE_AVAILABLE_juce_audio_basics=1",
					"JUCE_MODULE_AVAILABLE_juce_audio_devices=1",
					"JUCE_MODULE_AVAILABLE_juce_audio_formats=1",
					"JUCE_MODULE_AVAILABLE_juce_audio_plugin_client=1",
					"JUCE_MODULE_AVAILABLE_juce_audio_processors=1",
					"JUCE_MODULE_AVAILABLE_juce_audio_utils=1",
					"JUCE_MODULE_AVAILABLE_juce_core=1",
					"JUCE_MODULE_AVAILABLE_juce_data_structures=1",
					"JUCE_MODULE_AVAILABLE_juce_events=1",
					"JUCE_MODULE_AVAILABLE_juce_graphics=1",
					"JUCE_MODULE_AVAILABLE_juce_gui_basics=1",
					"JUCE_MODULE_AVAILABLE_juce_gui_extra=1",
					"JUCE_GLOBAL_MODULE_SETTINGS_INCLUDED=1",
					"JUCE_VST3_CAN_REPLACE_VST2=0",
					"JUCE_STRICT_REFCOUNTEDPOINTER=1",
					"JucePlugin_Build_VST=0",
					"JucePlugin_Build_VST3=0",
					"JucePlugin_Build_AU=1",
					"JucePlugin_Build_AUv3=0",
					"JucePlugin_Build_AAX=0",
					"JucePlugin_Build_Standalone=0",
					"JucePlugin_Build_Unity=0",
					"JucePlugin_Build_LV2=0",
					"JucePlugin_Enable_IAA=0",
					"JucePlugin_Enable_ARA=0",
					"JucePlugin_Name=\\\"GMPI_Drawing\\\"",
					"JucePlugin_Desc=\\\"GMPI_Drawing\\\"",
					"JucePlugin_Manufacturer=\\\"yourcompany\\\"",
					"JucePlugin_ManufacturerWebsite=\\\"www.yourcompany.com\\\"",
					"JucePlugin_ManufacturerEmail=\\\"\\\"",
					"JucePlugin_ManufacturerCode=0x4d616e75",
					"JucePlugin_PluginCode=0x4e737970",
					"JucePlugin_IsSynth=0",
					"JucePlugin_WantsMidiInput=0",
					"JucePlugin_ProducesMidiOutput=0",
					"JucePlugin_IsMidiEffect=0",
					"JucePlugin_EditorRequiresKeyboardFocus=0",
					"JucePlugin_Version=1.0.0",
					"JucePlugin_VersionCode=0x10000",
					"JucePlugin_VersionString=\\\"1.0.0\\\"",
					"JucePlugin_VSTUniqueID=JucePlugin_PluginCode",
					"JucePlugin_VSTCategory=kPlugCategEffect",
					"JucePlugin_Vst3Category=\\\"Fx\\\"",
					"JucePlugin_AUMainType=\\'aufx\\'",
					"JucePlugin_AUSubType=JucePlugin_PluginCode",
					"JucePlugin_AUExportPrefix=GMPI_DrawingAU",
					"JucePlugin_AUExportPrefixQuoted=\\\"GMPI_DrawingAU\\\"",
					"JucePlugin_AUManufacturerCode=JucePlugin_ManufacturerCode",
					"JucePlugin_CFBundleIdentifier=com.yourcompany.GMPI_Drawing",
					"JucePlugin_AAXIdentifier=com.yourcompany.GMPI_Drawing",
					"JucePlugin_AAXManufacturerCode=JucePlugin_ManufacturerCode",
					"JucePlugin_AAXProductId=JucePlugin_PluginCode",
					"JucePlugin_AAXCategory=0",
					"JucePlugin_AAXDisableBypass=0",
					"JucePlugin_AAXDisableMultiMono=0",
					"JucePlugin_IAAType=0x61757278",
					"JucePlugin_IAASubType=JucePlugin_PluginCode",
					"JucePlugin_IAAName=\\\"yourcompany:\\ GMPI_Drawing\\\"",
					"JucePlugin_VSTNumMidiInputs=16",
					"JucePlugin_VSTNumMidiOutputs=16",
					"JucePlugin_ARAContentTypes=0",
					"JucePlugin_ARATransformationFlags=0",
					"JucePlugin_ARAFactoryID=\\\"com.yourcompany.GMPI_Drawing.factory\\\"",
					"JucePlugin_ARADocumentArchiveID=\\\"com.yourcompany.GMPI_Drawing.aradocumentarchive.1.0.0\\\"",
					"JucePlugin_ARACompatibleArchiveIDs=\\\"\\\"",
					"JUCE_STANDALONE_APPLICATION=JucePlugin_Build_Standalone",
					"_UNICODE",
					"UNICODE",
					"JUCER_XCODE_MAC_F6D2F4CF=1",
					"JUCE_APP_VERSION=1.0.0",
					"JUCE_APP_VERSION_HEX=0x10000",
				);
				GCC_VERSION = com.apple.compilers.llvm.clang.1_0;
				GENERATE_PKGINFO_FILE = YES;
				HEADER_SEARCH_PATHS = (
					"/Users/jeffmcclintock/Exonic/Products/JUCE/modules/juce_audio_processors/format_types/VST3_SDK",
					"$(SRCROOT)/../../JuceLibraryCode",
					"/Users/jeffmcclintock/Exonic/Products/JUCE/modules",
					"C:\SE\gmpi_ui",
					"/Users/jeffmcclintock/Exonic/Products/JUCE/modules/juce_audio_plugin_client",
					"$(inherited)",
				);
				INFOPLIST_FILE = Info-AU.plist;
				INFOPLIST_PREPROCESS = NO;
				INSTALL_PATH = "$(HOME)/Library/Audio/Plug-Ins/Components/";
				LIBRARY_STYLE = Bundle;
				LLVM_LTO = YES;
				MACOSX_DEPLOYMENT_TARGET = 10.11;
				MTL_HEADER_SEARCH_PATHS = "/Users/jeffmcclintock/Exonic/Products/JUCE/modules/juce_audio_processors/format_types/VST3_SDK $(SRCROOT)/../../JuceLibraryCode /Users/jeffmcclintock/Exonic/Products/JUCE/modules C:\SE\gmpi_ui /Users/jeffmcclintock/Exonic/Products/JUCE/modules/juce_audio_plugin_client";
				OTHER_LDFLAGS = "-bundle -lNewProject -weak_framework Metal -weak_framework MetalKit";
				OTHER_REZFLAGS = "-d ppc_$ppc -d i386_$i386 -d ppc64_$ppc64 -d x86_64_$x86_64 -d arm64_$arm64 -I /System/Library/Frameworks/CoreServices.framework/Frameworks/CarbonCore.framework/Versions/A/Headers -I \"$(DEVELOPER_DIR)/Extras/CoreAudio/AudioUnits/AUPublic/AUBase\" -I \"$(DEVELOPER_DIR)/Platforms/MacOSX.platform/Developer/SDKs/MacOSX.sdk/System/Library/Frameworks/AudioUnit.framework/Headers\"";
				PRODUCT_BUNDLE_IDENTIFIER = com.yourcompany.GMPI_Drawing;
				PRODUCT_NAME = "NewProject";
				USE_HEADERMAP = NO;
				VALID_ARCHS = "i386 x86_64 arm64 arm64e";
				WRAPPER_EXTENSION = component;
			};
			name = Release;
		};
		E531702199D58D5AC724D107 /* Debug */ = {
			isa = XCBuildConfiguration;
			buildSettings = {
				ALWAYS_SEARCH_USER_PATHS = NO;
				CLANG_ENABLE_OBJC_WEAK = YES;
				CLANG_WARN_BLOCK_CAPTURE_AUTORELEASING = YES;
				CLANG_WARN_BOOL_CONVERSION = YES;
				CLANG_WARN_COMMA = YES;
				CLANG_WARN_CONSTANT_CONVERSION = YES;
				CLANG_WARN_DEPRECATED_OBJC_IMPLEMENTATIONS = YES;
				CLANG_WARN_EMPTY_BODY = YES;
				CLANG_WARN_ENUM_CONVERSION = YES;
				CLANG_WARN_INFINITE_RECURSION = YES;
				CLANG_WARN_INT_CONVERSION = YES;
				CLANG_WARN_NON_LITERAL_NULL_CONVERSION = YES;
				CLANG_WARN_OBJC_IMPLICIT_RETAIN_SELF = YES;
				CLANG_WARN_OBJC_LITERAL_CONVERSION = YES;
				CLANG_WARN_RANGE_LOOP_ANALYSIS = YES;
				CLANG_WARN_STRICT_PROTOTYPES = YES;
				CLANG_WARN_SUSPICIOUS_MOVE = YES;
				CLANG_WARN_UNREACHABLE_CODE = YES;
				CLANG_WARN__DUPLICATE_METHOD_MATCH = YES;
				CODE_SIGN_IDENTITY = "";
				DEBUG_INFORMATION_FORMAT = dwarf;
				ENABLE_STRICT_OBJC_MSGSEND = YES;
				ENABLE_TESTABILITY = NO;
				GCC_C_LANGUAGE_STANDARD = c11;
				GCC_INLINES_ARE_PRIVATE_EXTERN = YES;
				GCC_MODEL_TUNING = G5;
				GCC_NO_COMMON_BLOCKS = YES;
				GCC_SYMBOLS_PRIVATE_EXTERN = YES;
				GCC_WARN_64_TO_32_BIT_CONVERSION = YES;
				GCC_WARN_ABOUT_RETURN_TYPE = YES;
				GCC_WARN_CHECK_SWITCH_STATEMENTS = YES;
				GCC_WARN_MISSING_PARENTHESES = YES;
				GCC_WARN_NON_VIRTUAL_DESTRUCTOR = YES;
				GCC_WARN_TYPECHECK_CALLS_TO_PRINTF = YES;
				GCC_WARN_UNDECLARED_SELECTOR = YES;
				GCC_WARN_UNINITIALIZED_AUTOS = YES;
				GCC_WARN_UNUSED_FUNCTION = YES;
				GCC_WARN_UNUSED_VARIABLE = YES;
				ONLY_ACTIVE_ARCH = YES;
				PRODUCT_NAME = "NewProject";
				SDKROOT = macosx;
				WARNING_CFLAGS = "-Wreorder";
				ZERO_LINK = NO;
			};
			name = Debug;
		};
		E5B9BCBF67941EE922C89B07 /* Release */ = {
			isa = XCBuildConfiguration;
			buildSettings = {
				ALWAYS_SEARCH_USER_PATHS = NO;
				CLANG_ENABLE_OBJC_WEAK = YES;
				CLANG_WARN_BLOCK_CAPTURE_AUTORELEASING = YES;
				CLANG_WARN_BOOL_CONVERSION = YES;
				CLANG_WARN_COMMA = YES;
				CLANG_WARN_CONSTANT_CONVERSION = YES;
				CLANG_WARN_DEPRECATED_OBJC_IMPLEMENTATIONS = YES;
				CLANG_WARN_EMPTY_BODY = YES;
				CLANG_WARN_ENUM_CONVERSION = YES;
				CLANG_WARN_INFINITE_RECURSION = YES;
				CLANG_WARN_INT_CONVERSION = YES;
				CLANG_WARN_NON_LITERAL_NULL_CONVERSION = YES;
				CLANG_WARN_OBJC_IMPLICIT_RETAIN_SELF = YES;
				CLANG_WARN_OBJC_LITERAL_CONVERSION = YES;
				CLANG_WARN_RANGE_LOOP_ANALYSIS = YES;
				CLANG_WARN_STRICT_PROTOTYPES = YES;
				CLANG_WARN_SUSPICIOUS_MOVE = YES;
				CLANG_WARN_UNREACHABLE_CODE = YES;
				CLANG_WARN__DUPLICATE_METHOD_MATCH = YES;
				CODE_SIGN_IDENTITY = "";
				DEBUG_INFORMATION_FORMAT = dwarf;
				ENABLE_STRICT_OBJC_MSGSEND = YES;
				ENABLE_TESTABILITY = NO;
				GCC_C_LANGUAGE_STANDARD = c11;
				GCC_INLINES_ARE_PRIVATE_EXTERN = YES;
				GCC_MODEL_TUNING = G5;
				GCC_NO_COMMON_BLOCKS = YES;
				GCC_SYMBOLS_PRIVATE_EXTERN = YES;
				GCC_WARN_64_TO_32_BIT_CONVERSION = YES;
				GCC_WARN_ABOUT_RETURN_TYPE = YES;
				GCC_WARN_CHECK_SWITCH_STATEMENTS = YES;
				GCC_WARN_MISSING_PARENTHESES = YES;
				GCC_WARN_NON_VIRTUAL_DESTRUCTOR = YES;
				GCC_WARN_TYPECHECK_CALLS_TO_PRINTF = YES;
				GCC_WARN_UNDECLARED_SELECTOR = YES;
				GCC_WARN_UNINITIALIZED_AUTOS = YES;
				GCC_WARN_UNUSED_FUNCTION = YES;
				GCC_WARN_UNUSED_VARIABLE = YES;
				PRODUCT_NAME = "NewProject";
				SDKROOT = macosx;
				WARNING_CFLAGS = "-Wreorder";
				ZERO_LINK = NO;
			};
			name = Release;
		};
		FEAC6B1513B8A7CFE0C85AB7 /* Debug */ = {
			isa = XCBuildConfiguration;
			buildSettings = {
				CLANG_CXX_LANGUAGE_STANDARD = "c++20";
				CLANG_CXX_LIBRARY = "libc++";
				CLANG_LINK_OBJC_RUNTIME = NO;
				CODE_SIGN_IDENTITY = "";
				COMBINE_HIDPI_IMAGES = YES;
				CONFIGURATION_BUILD_DIR = "$(PROJECT_DIR)/build/$(CONFIGURATION)";
				COPY_PHASE_STRIP = NO;
				DEPLOYMENT_LOCATION = YES;
				DSTROOT = /;
				EXCLUDED_ARCHS = "";
				GCC_DYNAMIC_NO_PIC = NO;
				GCC_OPTIMIZATION_LEVEL = 0;
				GCC_PREPROCESSOR_DEFINITIONS = (
					"_DEBUG=1",
					"DEBUG=1",
					"JUCE_DISPLAY_SPLASH_SCREEN=1",
					"JUCE_USE_DARK_SPLASH_SCREEN=1",
					"JUCE_PROJUCER_VERSION=0x70002",
					"JUCE_MODULE_AVAILABLE_juce_audio_basics=1",
					"JUCE_MODULE_AVAILABLE_juce_audio_devices=1",
					"JUCE_MODULE_AVAILABLE_juce_audio_formats=1",
					"JUCE_MODULE_AVAILABLE_juce_audio_plugin_client=1",
					"JUCE_MODULE_AVAILABLE_juce_audio_processors=1",
					"JUCE_MODULE_AVAILABLE_juce_audio_utils=1",
					"JUCE_MODULE_AVAILABLE_juce_core=1",
					"JUCE_MODULE_AVAILABLE_juce_data_structures=1",
					"JUCE_MODULE_AVAILABLE_juce_events=1",
					"JUCE_MODULE_AVAILABLE_juce_graphics=1",
					"JUCE_MODULE_AVAILABLE_juce_gui_basics=1",
					"JUCE_MODULE_AVAILABLE_juce_gui_extra=1",
					"JUCE_GLOBAL_MODULE_SETTINGS_INCLUDED=1",
					"JUCE_VST3_CAN_REPLACE_VST2=0",
					"JUCE_STRICT_REFCOUNTEDPOINTER=1",
					"JucePlugin_Build_VST=0",
					"JucePlugin_Build_VST3=1",
					"JucePlugin_Build_AU=0",
					"JucePlugin_Build_AUv3=0",
					"JucePlugin_Build_AAX=0",
					"JucePlugin_Build_Standalone=0",
					"JucePlugin_Build_Unity=0",
					"JucePlugin_Build_LV2=0",
					"JucePlugin_Enable_IAA=0",
					"JucePlugin_Enable_ARA=0",
					"JucePlugin_Name=\\\"GMPI_Drawing\\\"",
					"JucePlugin_Desc=\\\"GMPI_Drawing\\\"",
					"JucePlugin_Manufacturer=\\\"yourcompany\\\"",
					"JucePlugin_ManufacturerWebsite=\\\"www.yourcompany.com\\\"",
					"JucePlugin_ManufacturerEmail=\\\"\\\"",
					"JucePlugin_ManufacturerCode=0x4d616e75",
					"JucePlugin_PluginCode=0x4e737970",
					"JucePlugin_IsSynth=0",
					"JucePlugin_WantsMidiInput=0",
					"JucePlugin_ProducesMidiOutput=0",
					"JucePlugin_IsMidiEffect=0",
					"JucePlugin_EditorRequiresKeyboardFocus=0",
					"JucePlugin_Version=1.0.0",
					"JucePlugin_VersionCode=0x10000",
					"JucePlugin_VersionString=\\\"1.0.0\\\"",
					"JucePlugin_VSTUniqueID=JucePlugin_PluginCode",
					"JucePlugin_VSTCategory=kPlugCategEffect",
					"JucePlugin_Vst3Category=\\\"Fx\\\"",
					"JucePlugin_AUMainType=\\'aufx\\'",
					"JucePlugin_AUSubType=JucePlugin_PluginCode",
					"JucePlugin_AUExportPrefix=GMPI_DrawingAU",
					"JucePlugin_AUExportPrefixQuoted=\\\"GMPI_DrawingAU\\\"",
					"JucePlugin_AUManufacturerCode=JucePlugin_ManufacturerCode",
					"JucePlugin_CFBundleIdentifier=com.yourcompany.GMPI_Drawing",
					"JucePlugin_AAXIdentifier=com.yourcompany.GMPI_Drawing",
					"JucePlugin_AAXManufacturerCode=JucePlugin_ManufacturerCode",
					"JucePlugin_AAXProductId=JucePlugin_PluginCode",
					"JucePlugin_AAXCategory=0",
					"JucePlugin_AAXDisableBypass=0",
					"JucePlugin_AAXDisableMultiMono=0",
					"JucePlugin_IAAType=0x61757278",
					"JucePlugin_IAASubType=JucePlugin_PluginCode",
					"JucePlugin_IAAName=\\\"yourcompany:\\ GMPI_Drawing\\\"",
					"JucePlugin_VSTNumMidiInputs=16",
					"JucePlugin_VSTNumMidiOutputs=16",
					"JucePlugin_ARAContentTypes=0",
					"JucePlugin_ARATransformationFlags=0",
					"JucePlugin_ARAFactoryID=\\\"com.yourcompany.GMPI_Drawing.factory\\\"",
					"JucePlugin_ARADocumentArchiveID=\\\"com.yourcompany.GMPI_Drawing.aradocumentarchive.1.0.0\\\"",
					"JucePlugin_ARACompatibleArchiveIDs=\\\"\\\"",
					"JUCE_STANDALONE_APPLICATION=JucePlugin_Build_Standalone",
					"_UNICODE",
					"UNICODE",
					"JUCER_XCODE_MAC_F6D2F4CF=1",
					"JUCE_APP_VERSION=1.0.0",
					"JUCE_APP_VERSION_HEX=0x10000",
				);
				GCC_VERSION = com.apple.compilers.llvm.clang.1_0;
				GENERATE_PKGINFO_FILE = YES;
				HEADER_SEARCH_PATHS = (
					"/Users/jeffmcclintock/Exonic/Products/JUCE/modules/juce_audio_processors/format_types/VST3_SDK",
					"$(SRCROOT)/../../JuceLibraryCode",
					"/Users/jeffmcclintock/Exonic/Products/JUCE/modules",
					"C:\SE\gmpi_ui",
					"/Users/jeffmcclintock/Exonic/Products/JUCE/modules/juce_audio_plugin_client",
					"$(inherited)",
				);
				INFOPLIST_FILE = Info-VST3.plist;
				INFOPLIST_PREPROCESS = NO;
				INSTALL_PATH = "$(HOME)/Library/Audio/Plug-Ins/VST3/";
				LIBRARY_STYLE = Bundle;
				MACOSX_DEPLOYMENT_TARGET = 10.11;
				MTL_HEADER_SEARCH_PATHS = "/Users/jeffmcclintock/Exonic/Products/JUCE/modules/juce_audio_processors/format_types/VST3_SDK $(SRCROOT)/../../JuceLibraryCode /Users/jeffmcclintock/Exonic/Products/JUCE/modules C:\SE\gmpi_ui /Users/jeffmcclintock/Exonic/Products/JUCE/modules/juce_audio_plugin_client";
				OTHER_LDFLAGS = "-bundle -lNewProject -weak_framework Metal -weak_framework MetalKit";
				PRODUCT_BUNDLE_IDENTIFIER = com.yourcompany.GMPI_Drawing;
				PRODUCT_NAME = "NewProject";
				USE_HEADERMAP = NO;
				VALID_ARCHS = "i386 x86_64 arm64 arm64e";
				WRAPPER_EXTENSION = vst3;
			};
			name = Debug;
		};
/* End XCBuildConfiguration section */

/* Begin XCConfigurationList section */
		2F3782B1BA3414AB097207AC = {
			isa = XCConfigurationList;
			buildConfigurations = (
				14CE8D28684F2D3C616E78A4,
				E02C0CA6497ADAA364C7C220,
			);
			defaultConfigurationIsVisible = 0;
			defaultConfigurationName = Debug;
		};
		329DABE461B35BA213E2F221 = {
			isa = XCConfigurationList;
			buildConfigurations = (
				6F3EB6B35DD497219D1DCE4D,
				53A4F882ADE35F87FA7A428D,
			);
			defaultConfigurationIsVisible = 0;
			defaultConfigurationName = Debug;
		};
		53CDF2AAF5DD558F283AD4D1 = {
			isa = XCConfigurationList;
			buildConfigurations = (
				FEAC6B1513B8A7CFE0C85AB7,
				59A26F035B44FFAA245B9D83,
			);
			defaultConfigurationIsVisible = 0;
			defaultConfigurationName = Debug;
		};
		55ECE83D13BDE452489FE7A7 = {
			isa = XCConfigurationList;
			buildConfigurations = (
				E531702199D58D5AC724D107,
				E5B9BCBF67941EE922C89B07,
			);
			defaultConfigurationIsVisible = 0;
			defaultConfigurationName = Debug;
		};
		57E43D94EA65207076BBBA84 = {
			isa = XCConfigurationList;
			buildConfigurations = (
				243302F3C1BC9B9A584F6460,
				3BB60188436C2B5FBF971D55,
			);
			defaultConfigurationIsVisible = 0;
			defaultConfigurationName = Debug;
		};
		9D82E8B489E340F7AC92C64A = {
			isa = XCConfigurationList;
			buildConfigurations = (
				C0D297C11308E566FB00C638,
				D6D249DF9F9B996CBF649F74,
			);
			defaultConfigurationIsVisible = 0;
			defaultConfigurationName = Debug;
		};
/* End XCConfigurationList section */
	};
	rootObject = 859B7FA102992F4288B9770E /* Project object */;
}
